// !$*UTF8*$!
{
	archiveVersion = 1;
	classes = {
	};
	objectVersion = 77;
	objects = {

/* Begin PBXBuildFile section */
		249133D5DF2043B8BC34834D /* SupabaseModels.swift in Sources */ = {isa = PBXBuildFile; fileRef = 2E5EC0551DDE495DBC914610 /* SupabaseModels.swift */; };
		43718BCECA3E4E7EBF3C92BF /* SupabaseConfig.swift in Sources */ = {isa = PBXBuildFile; fileRef = 30D556E2E1A2444F9E91213A /* SupabaseConfig.swift */; };
		44DDAAF7AA504F088F946EB1 /* PastGamesViewController.swift in Sources */ = {isa = PBXBuildFile; fileRef = 6DA27DBD514F44729ADCBC19 /* PastGamesViewController.swift */; };
		4D843132DAAB4D78B8688A94 /* GameManager+Tournament.swift in Sources */ = {isa = PBXBuildFile; fileRef = EB64F4195EB94B1F820D171F /* GameManager+Tournament.swift */; };
		7B4E1A3D0EBE4811A681DE64 /* SupabaseService.swift in Sources */ = {isa = PBXBuildFile; fileRef = 7298A503BD3F427C807DB30C /* SupabaseService.swift */; };
		A1B2C3D4E5F60718293A4B5C /* TournamentScorecardRenderer.swift in Sources */ = {isa = PBXBuildFile; fileRef = B2C3D4E5F6071829A3B4C5D6 /* TournamentScorecardRenderer.swift */; };
		A2B3C4D5E6F7081929304A5B /* TeeGamesViewController.swift in Sources */ = {isa = PBXBuildFile; fileRef = A2B3C4D5E6F7081929304A5C /* TeeGamesViewController.swift */; };
		A3B4C5D6E7F8092030415A6C /* TeeGameSetupViewController.swift in Sources */ = {isa = PBXBuildFile; fileRef = A3B4C5D6E7F8092030415A6D /* TeeGameSetupViewController.swift */; };
		A4B5C6D7E8F90A2131526B7C /* UIViewController+ActionSheet.swift in Sources */ = {isa = PBXBuildFile; fileRef = A4B5C6D7E8F90A2131526B7D /* UIViewController+ActionSheet.swift */; };
		A6B7C8D9EA0B1C2D3E4F5067 /* TournamentLeaderboardViewController.swift in Sources */ = {isa = PBXBuildFile; fileRef = A6B7C8D9EA0B1C2D3E4F5068 /* TournamentLeaderboardViewController.swift */; };
		A7B8C9D0EB1C2D3E4F506179 /* GroupDetailViewController.swift in Sources */ = {isa = PBXBuildFile; fileRef = A7B8C9D0EB1C2D3E4F50617A /* GroupDetailViewController.swift */; };
		AI01B2C3D4E5F607182930A2 /* AISummaryViewController.swift in Sources */ = {isa = PBXBuildFile; fileRef = AI01B2C3D4E5F607182930A1 /* AISummaryViewController.swift */; };
		AP01B2C3D4E5F607182930A8 /* ArchitectProfileViewController.swift in Sources */ = {isa = PBXBuildFile; fileRef = AP01B2C3D4E5F607182930A7 /* ArchitectProfileViewController.swift */; };
		AL01B2C3D4E5F607182930AA /* ArchitectLibrary.swift in Sources */ = {isa = PBXBuildFile; fileRef = AL01B2C3D4E5F607182930A9 /* ArchitectLibrary.swift */; };
		PM01B2C3D4E5F607182930AB /* PremiumManager.swift in Sources */ = {isa = PBXBuildFile; fileRef = PM01B2C3D4E5F607182930AC /* PremiumManager.swift */; };
		PW01B2C3D4E5F607182930AD /* PaywallViewController.swift in Sources */ = {isa = PBXBuildFile; fileRef = PW01B2C3D4E5F607182930AE /* PaywallViewController.swift */; };
		LP01B2C3D4E5F607182930AF /* LocationPromptViewController.swift in Sources */ = {isa = PBXBuildFile; fileRef = LP01B2C3D4E5F607182930B0 /* LocationPromptViewController.swift */; };
		B66C2E5033A842F5A84999BE /* PastGameDetailViewController.swift in Sources */ = {isa = PBXBuildFile; fileRef = 79FE676BB72D42FAA7A487F7 /* PastGameDetailViewController.swift */; };
		C4D5E6F7A8B9C4D5E6F70002 /* LiveNassauViewController.swift in Sources */ = {isa = PBXBuildFile; fileRef = C4D5E6F7A8B9C4D5E6F70001 /* LiveNassauViewController.swift */; };
		C4D5E6F7A8B9C4D5E6F70004 /* NassauScorecardViewController.swift in Sources */ = {isa = PBXBuildFile; fileRef = C4D5E6F7A8B9C4D5E6F70003 /* NassauScorecardViewController.swift */; };
		C4D5E6F7A8B9C4D5E6F70006 /* WolfSpectatorViewController.swift in Sources */ = {isa = PBXBuildFile; fileRef = C4D5E6F7A8B9C4D5E6F70005 /* WolfSpectatorViewController.swift */; };
		CC01B2C3D4E5F607182930A6 /* ClaudeConfig.swift in Sources */ = {isa = PBXBuildFile; fileRef = CC01B2C3D4E5F607182930A5 /* ClaudeConfig.swift */; };
		CS01B2C3D4E5F607182930A4 /* ClaudeService.swift in Sources */ = {isa = PBXBuildFile; fileRef = CS01B2C3D4E5F607182930A3 /* ClaudeService.swift */; };
		D64B14586458493690DECE2E /* TournamentSummaryViewController.swift in Sources */ = {isa = PBXBuildFile; fileRef = 132A36A89650472DA654B343 /* TournamentSummaryViewController.swift */; };
		D88F621DFA504D329EBE02E3 /* Constants.swift in Sources */ = {isa = PBXBuildFile; fileRef = 9402F93CD28E4C029E042DFC /* Constants.swift */; };
		DV1C2D3E4F506071829304AA /* DeviceID.swift in Sources */ = {isa = PBXBuildFile; fileRef = DV1C2D3E4F506071829304AB /* DeviceID.swift */; };
		E8C1A3F72B9D4E6A8F5C2D71 /* TournamentScorecardViewController.swift in Sources */ = {isa = PBXBuildFile; fileRef = F7B2D4E81C3A5F69A0E4B382 /* TournamentScorecardViewController.swift */; };
		EB1C7A593448F2323213FB7F /* UpdateChecker.swift in Sources */ = {isa = PBXBuildFile; fileRef = 1D7D681FBEA3C05DBD4C6D7E /* UpdateChecker.swift */; };
		F618A1712F3691E6009EEB12 /* ServiceContact.swift in Sources */ = {isa = PBXBuildFile; fileRef = F618A1702F3691E6009EEB12 /* ServiceContact.swift */; };
		F618A1732F369228009EEB12 /* ServiceContactStore.swift in Sources */ = {isa = PBXBuildFile; fileRef = F618A1722F369228009EEB12 /* ServiceContactStore.swift */; };
		F63960632F60D62500EC0C30 /* AppNotifications.swift in Sources */ = {isa = PBXBuildFile; fileRef = F63960472F60D62500EC0C30 /* AppNotifications.swift */; };
		F63960642F60D62500EC0C30 /* Course.swift in Sources */ = {isa = PBXBuildFile; fileRef = F63960482F60D62500EC0C30 /* Course.swift */; };
		F63960662F60D62500EC0C30 /* CourseStore.swift in Sources */ = {isa = PBXBuildFile; fileRef = F639604A2F60D62500EC0C30 /* CourseStore.swift */; };
		F63960672F60D62500EC0C30 /* Game.swift in Sources */ = {isa = PBXBuildFile; fileRef = F639604B2F60D62500EC0C30 /* Game.swift */; };
		F63960682F60D62500EC0C30 /* GameData.swift in Sources */ = {isa = PBXBuildFile; fileRef = F639604C2F60D62500EC0C30 /* GameData.swift */; };
		F63960692F60D62500EC0C30 /* GameData+HoleViews.swift in Sources */ = {isa = PBXBuildFile; fileRef = F639604D2F60D62500EC0C30 /* GameData+HoleViews.swift */; };
		F639606A2F60D62500EC0C30 /* GameData+Money.swift in Sources */ = {isa = PBXBuildFile; fileRef = F639604E2F60D62500EC0C30 /* GameData+Money.swift */; };
		F639606B2F60D62500EC0C30 /* GameManager.swift in Sources */ = {isa = PBXBuildFile; fileRef = F639604F2F60D62500EC0C30 /* GameManager.swift */; };
		F639606C2F60D62500EC0C30 /* GameManager+Scoring.swift in Sources */ = {isa = PBXBuildFile; fileRef = F63960502F60D62500EC0C30 /* GameManager+Scoring.swift */; };
		F639606D2F60D62500EC0C30 /* GameModels.swift in Sources */ = {isa = PBXBuildFile; fileRef = F63960512F60D62500EC0C30 /* GameModels.swift */; };
		F639606E2F60D62500EC0C30 /* GameStatsViewController.swift in Sources */ = {isa = PBXBuildFile; fileRef = F63960522F60D62500EC0C30 /* GameStatsViewController.swift */; };
		F639606F2F60D62500EC0C30 /* GameViewController.swift in Sources */ = {isa = PBXBuildFile; fileRef = F63960532F60D62500EC0C30 /* GameViewController.swift */; };
		F63960702F60D62500EC0C30 /* HomeViewController.swift in Sources */ = {isa = PBXBuildFile; fileRef = F63960542F60D62500EC0C30 /* HomeViewController.swift */; };
		F63960712F60D62500EC0C30 /* KeyboardHelpers.swift in Sources */ = {isa = PBXBuildFile; fileRef = F63960552F60D62500EC0C30 /* KeyboardHelpers.swift */; };
		F63960722F60D62500EC0C30 /* MyStatsViewController.swift in Sources */ = {isa = PBXBuildFile; fileRef = F63960572F60D62500EC0C30 /* MyStatsViewController.swift */; };
		F63960732F60D62500EC0C30 /* Notification.swift in Sources */ = {isa = PBXBuildFile; fileRef = F63960582F60D62500EC0C30 /* Notification.swift */; };
		F63960742F60D62500EC0C30 /* Player.swift in Sources */ = {isa = PBXBuildFile; fileRef = F63960592F60D62500EC0C30 /* Player.swift */; };
		F63960752F60D62500EC0C30 /* PlayerSetupStore.swift in Sources */ = {isa = PBXBuildFile; fileRef = F639605A2F60D62500EC0C30 /* PlayerSetupStore.swift */; };
		F63960772F60D62500EC0C30 /* ProfileStore.swift in Sources */ = {isa = PBXBuildFile; fileRef = F639605C2F60D62500EC0C30 /* ProfileStore.swift */; };
		F63960782F60D62500EC0C30 /* RoundStore.swift in Sources */ = {isa = PBXBuildFile; fileRef = F639605D2F60D62500EC0C30 /* RoundStore.swift */; };
		F63960792F60D62500EC0C30 /* RoundSummary.swift in Sources */ = {isa = PBXBuildFile; fileRef = F639605E2F60D62500EC0C30 /* RoundSummary.swift */; };
		F639607A2F60D62500EC0C30 /* RulesEngine.swift in Sources */ = {isa = PBXBuildFile; fileRef = F639605F2F60D62500EC0C30 /* RulesEngine.swift */; };
		F639607B2F60D62500EC0C30 /* ScoreStyle.swift in Sources */ = {isa = PBXBuildFile; fileRef = F63960602F60D62500EC0C30 /* ScoreStyle.swift */; };
		F639607C2F60D62500EC0C30 /* UserProfile.swift in Sources */ = {isa = PBXBuildFile; fileRef = F63960612F60D62500EC0C30 /* UserProfile.swift */; };
		F63D06962ED5143B00F165CA /* RosterAndTrackingViewController.swift in Sources */ = {isa = PBXBuildFile; fileRef = F63D06952ED5143B00F165CA /* RosterAndTrackingViewController.swift */; };
		F63D07102ED8B20400F165CA /* ManagePlayersViewController.swift in Sources */ = {isa = PBXBuildFile; fileRef = F63D070F2ED8B20400F165CA /* ManagePlayersViewController.swift */; };
		F63D07142ED922D400F165CA /* ManagePlayerCell.swift in Sources */ = {isa = PBXBuildFile; fileRef = F63D07132ED922D400F165CA /* ManagePlayerCell.swift */; };
		F63D08052EDFA66800F165CA /* CourseSummaryViewController.swift in Sources */ = {isa = PBXBuildFile; fileRef = F63D08042EDFA66800F165CA /* CourseSummaryViewController.swift */; };
		F64CDA962ECD0AA900019EE0 /* HoleStatsViewController.swift in Sources */ = {isa = PBXBuildFile; fileRef = F64CDA952ECD0AA900019EE0 /* HoleStatsViewController.swift */; };
		F64DE8152EB2850000F8D625 /* AppDelegate.swift in Sources */ = {isa = PBXBuildFile; fileRef = F64DE8142EB2850000F8D625 /* AppDelegate.swift */; };
		F64DE8202EB2864B00F8D625 /* SceneDelegate.swift in Sources */ = {isa = PBXBuildFile; fileRef = F64DE81C2EB2864B00F8D625 /* SceneDelegate.swift */; };
		F64DE9522EB6AAE300F8D625 /* Assets.xcassets in Resources */ = {isa = PBXBuildFile; fileRef = F64DE9512EB6AAE300F8D625 /* Assets.xcassets */; };
		F657CEB42F01BBCA001CBFCD /* CourseLibrary.swift in Sources */ = {isa = PBXBuildFile; fileRef = F657CEB32F01BBCA001CBFCD /* CourseLibrary.swift */; };
		F6590F052EFA225B0085D088 /* GameType.swift in Sources */ = {isa = PBXBuildFile; fileRef = F6590F042EFA225B0085D088 /* GameType.swift */; };
		F66007422F60C56F00148767 /* ButtonStyles.swift in Sources */ = {isa = PBXBuildFile; fileRef = F66006BF2F60C56F00148767 /* ButtonStyles.swift */; };
		F66007462F60C56F00148767 /* CoursePickerViewController.swift in Sources */ = {isa = PBXBuildFile; fileRef = F66006C32F60C56F00148767 /* CoursePickerViewController.swift */; };
		F66007472F60C56F00148767 /* CourseSetupViewController.swift in Sources */ = {isa = PBXBuildFile; fileRef = F66006C42F60C56F00148767 /* CourseSetupViewController.swift */; };
		F6750D002F785E24001828D2 /* GameSettingsViewController.swift in Sources */ = {isa = PBXBuildFile; fileRef = F6750CFF2F785E24001828D2 /* GameSettingsViewController.swift */; };
		F681886C2F62898D004162EE /* PlayerSetupViewController.swift in Sources */ = {isa = PBXBuildFile; fileRef = F639605B2F60D62500EC0C30 /* PlayerSetupViewController.swift */; };
		F688C7412F37F9E800A4B094 /* ContactsViewController.swift in Sources */ = {isa = PBXBuildFile; fileRef = F688C7402F37F9E800A4B094 /* ContactsViewController.swift */; };
		F688C7812F3906C400A4B094 /* SummaryFormatter.swift in Sources */ = {isa = PBXBuildFile; fileRef = F688C7802F3906C400A4B094 /* SummaryFormatter.swift */; };
		F6A010012FA0000000000AE1 /* WolfActions.swift in Sources */ = {isa = PBXBuildFile; fileRef = F6A010002FA0000000000AE1 /* WolfActions.swift */; };
		F6D041842F611C3200CABD08 /* Main.storyboard in Resources */ = {isa = PBXBuildFile; fileRef = F6D041822F611C3200CABD08 /* Main.storyboard */; };
		F6D351522EC0313E00CE24F9 /* RulesViewController.swift in Sources */ = {isa = PBXBuildFile; fileRef = F6D351512EC0313E00CE24F9 /* RulesViewController.swift */; };
		F6D3518E2EC1187400CE24F9 /* OwnerSeat.swift in Sources */ = {isa = PBXBuildFile; fileRef = F6D3518D2EC1187400CE24F9 /* OwnerSeat.swift */; };
		F6D541682F63B3C40020588F /* NassauViewController.swift in Sources */ = {isa = PBXBuildFile; fileRef = F6D541672F63B3C40020588F /* NassauViewController.swift */; };
		F6D5416A2F646D880020588F /* NassauModel.swift in Sources */ = {isa = PBXBuildFile; fileRef = F6D541692F646D880020588F /* NassauModel.swift */; };
		F6D5416C2F646EA70020588F /* NassauEngine.swift in Sources */ = {isa = PBXBuildFile; fileRef = F6D5416B2F646EA70020588F /* NassauEngine.swift */; };
		F6D5417A2F7498150020588F /* TextGroup.swift in Sources */ = {isa = PBXBuildFile; fileRef = F6D541792F7498150020588F /* TextGroup.swift */; };
		F6D5417C2F7498740020588F /* TextGroupStore.swift in Sources */ = {isa = PBXBuildFile; fileRef = F6D5417B2F7498740020588F /* TextGroupStore.swift */; };
		F6D5417D2F749C1E0020588F /* CustomGroupsViewController.swift in Sources */ = {isa = PBXBuildFile; fileRef = F63960862F60D62500EC0C30 /* CustomGroupsViewController.swift */; };
		F6D66A7F2F26971300367C08 /* Entitlements.swift in Sources */ = {isa = PBXBuildFile; fileRef = F6D66A7E2F26971300367C08 /* Entitlements.swift */; };
		F6D66A812F26994400367C08 /* Notifications.swift in Sources */ = {isa = PBXBuildFile; fileRef = F6D66A802F26994400367C08 /* Notifications.swift */; };
		F6D66AC62F327AC500367C08 /* StoreKit.framework in Frameworks */ = {isa = PBXBuildFile; fileRef = F6D66AC52F327AC400367C08 /* StoreKit.framework */; };
		F6D66AD12F356B7E00367C08 /* TextViewController.swift in Sources */ = {isa = PBXBuildFile; fileRef = F6D66AD02F356B7D00367C08 /* TextViewController.swift */; };
		F6D6A49A2EC786BC0000F576 /* Friend.swift in Sources */ = {isa = PBXBuildFile; fileRef = F6D6A4992EC786BC0000F576 /* Friend.swift */; };
		F6D6A49C2EC786D10000F576 /* FriendStore.swift in Sources */ = {isa = PBXBuildFile; fileRef = F6D6A49B2EC786D10000F576 /* FriendStore.swift */; };
		F6D6A49E2EC786FF0000F576 /* FriendTrackStore.swift in Sources */ = {isa = PBXBuildFile; fileRef = F6D6A49D2EC786FF0000F576 /* FriendTrackStore.swift */; };
		F6D6A4A32EC78A100000F576 /* TrackFriendsViewController.swift in Sources */ = {isa = PBXBuildFile; fileRef = F6D6A4A22EC78A100000F576 /* TrackFriendsViewController.swift */; };
		F6DF412B2FC8A06F00F8322F /* Supabase in Frameworks */ = {isa = PBXBuildFile; productRef = F6DF412A2FC8A06F00F8322F /* Supabase */; };
		F6E007F32F8017AC00763694 /* SkinsModel.swift in Sources */ = {isa = PBXBuildFile; fileRef = F6E007F22F8017AC00763694 /* SkinsModel.swift */; };
		F6E007F52F8017F300763694 /* SkinsEngine.swift in Sources */ = {isa = PBXBuildFile; fileRef = F6E007F42F8017F300763694 /* SkinsEngine.swift */; };
		F6E007F72F80182400763694 /* SkinsViewController.swift in Sources */ = {isa = PBXBuildFile; fileRef = F6E007F62F80182400763694 /* SkinsViewController.swift */; };
		F6E007F92F80D19B00763694 /* HoleStatsEntryViewController.swift in Sources */ = {isa = PBXBuildFile; fileRef = F6E007F82F80D19B00763694 /* HoleStatsEntryViewController.swift */; };
		F6E007FB2F81913500763694 /* StatsContainerViewController.swift in Sources */ = {isa = PBXBuildFile; fileRef = F6E007FA2F81913500763694 /* StatsContainerViewController.swift */; };
		F6E007FD2F80182400763694 /* SkinsSettingsViewController.swift in Sources */ = {isa = PBXBuildFile; fileRef = F6E007FC2F80182400763694 /* SkinsSettingsViewController.swift */; };
		F6E007FE2F80182400763694 /* ReviewPrompter.swift in Sources */ = {isa = PBXBuildFile; fileRef = F6E007FF2F80182400763694 /* ReviewPrompter.swift */; };
		F6E008032F884A6500763694 /* SharedRound.swift in Sources */ = {isa = PBXBuildFile; fileRef = F6E008022F884A6500763694 /* SharedRound.swift */; };
		F6E008052F884A9D00763694 /* RemoteRoundCodec.swift in Sources */ = {isa = PBXBuildFile; fileRef = F6E008042F884A9D00763694 /* RemoteRoundCodec.swift */; };
		F6E008072F89403800763694 /* SharedRoundBuilder.swift in Sources */ = {isa = PBXBuildFile; fileRef = F6E008062F89403800763694 /* SharedRoundBuilder.swift */; };
		F6E008092F89408500763694 /* RemoteNassauScorer.swift in Sources */ = {isa = PBXBuildFile; fileRef = F6E008082F89408500763694 /* RemoteNassauScorer.swift */; };
		F6E0080B2F8965B600763694 /* RemoteNassauViewController.swift in Sources */ = {isa = PBXBuildFile; fileRef = F6E0080A2F8965B600763694 /* RemoteNassauViewController.swift */; };
		F6E008102F90AA1400763694 /* TournamentSettingsViewController.swift in Sources */ = {isa = PBXBuildFile; fileRef = F6E008112F90AA1400763694 /* TournamentSettingsViewController.swift */; };
		F6E008132F8D269F00763694 /* RemoteMatch.swift in Sources */ = {isa = PBXBuildFile; fileRef = F6E008122F8D269F00763694 /* RemoteMatch.swift */; };
		F6E008152F8D26FC00763694 /* RemoteMatchStore.swift in Sources */ = {isa = PBXBuildFile; fileRef = F6E008142F8D26FC00763694 /* RemoteMatchStore.swift */; };
		F6E008172F8D273200763694 /* RemoteMatchInvite.swift in Sources */ = {isa = PBXBuildFile; fileRef = F6E008162F8D273200763694 /* RemoteMatchInvite.swift */; };
		F6E008192F8D27EB00763694 /* RemoteMatchInviteCodec.swift in Sources */ = {isa = PBXBuildFile; fileRef = F6E008182F8D27EB00763694 /* RemoteMatchInviteCodec.swift */; };
		F6E0081E2F8DBF2A00763694 /* ImportRemoteRoundViewController.swift in Sources */ = {isa = PBXBuildFile; fileRef = F6E0081D2F8DBF2A00763694 /* ImportRemoteRoundViewController.swift */; };
		F6E008232F8E62C600763694 /* RoundHistoryStore.swift in Sources */ = {isa = PBXBuildFile; fileRef = F6E008222F8E62C600763694 /* RoundHistoryStore.swift */; };
		F6E008272F8FFDC000763694 /* RemoteMatchesViewController.swift in Sources */ = {isa = PBXBuildFile; fileRef = F6E008262F8FFDC000763694 /* RemoteMatchesViewController.swift */; };
		F6E218102F75D25C00A95B52 /* NassauSettingsViewController.swift in Sources */ = {isa = PBXBuildFile; fileRef = F6E2180F2F75D25C00A95B52 /* NassauSettingsViewController.swift */; };
		LC01B2C3D4E5F607182930AA /* LiveConnectedViewController.swift in Sources */ = {isa = PBXBuildFile; fileRef = LC01B2C3D4E5F607182930AB /* LiveConnectedViewController.swift */; };
		RS1A2B3C4D5E6F70819203AA /* ResetSnapshotStore.swift in Sources */ = {isa = PBXBuildFile; fileRef = RS1A2B3C4D5E6F70819203AB /* ResetSnapshotStore.swift */; };
/* End PBXBuildFile section */

/* Begin PBXFileReference section */
		132A36A89650472DA654B343 /* TournamentSummaryViewController.swift */ = {isa = PBXFileReference; lastKnownFileType = sourcecode.swift; path = TournamentSummaryViewController.swift; sourceTree = "<group>"; };
		1D7D681FBEA3C05DBD4C6D7E /* UpdateChecker.swift */ = {isa = PBXFileReference; lastKnownFileType = sourcecode.swift; path = UpdateChecker.swift; sourceTree = "<group>"; };
		2E5EC0551DDE495DBC914610 /* SupabaseModels.swift */ = {isa = PBXFileReference; lastKnownFileType = sourcecode.swift; path = SupabaseModels.swift; sourceTree = "<group>"; };
		30D556E2E1A2444F9E91213A /* SupabaseConfig.swift */ = {isa = PBXFileReference; lastKnownFileType = sourcecode.swift; path = SupabaseConfig.swift; sourceTree = "<group>"; };
		6DA27DBD514F44729ADCBC19 /* PastGamesViewController.swift */ = {isa = PBXFileReference; lastKnownFileType = sourcecode.swift; path = PastGamesViewController.swift; sourceTree = "<group>"; };
		7298A503BD3F427C807DB30C /* SupabaseService.swift */ = {isa = PBXFileReference; lastKnownFileType = sourcecode.swift; path = SupabaseService.swift; sourceTree = "<group>"; };
		79FE676BB72D42FAA7A487F7 /* PastGameDetailViewController.swift */ = {isa = PBXFileReference; lastKnownFileType = sourcecode.swift; path = PastGameDetailViewController.swift; sourceTree = "<group>"; };
		9402F93CD28E4C029E042DFC /* Constants.swift */ = {isa = PBXFileReference; lastKnownFileType = sourcecode.swift; path = Constants.swift; sourceTree = "<group>"; };
		A2B3C4D5E6F7081929304A5C /* TeeGamesViewController.swift */ = {isa = PBXFileReference; lastKnownFileType = sourcecode.swift; path = TeeGamesViewController.swift; sourceTree = "<group>"; };
		A3B4C5D6E7F8092030415A6D /* TeeGameSetupViewController.swift */ = {isa = PBXFileReference; lastKnownFileType = sourcecode.swift; path = TeeGameSetupViewController.swift; sourceTree = "<group>"; };
		A4B5C6D7E8F90A2131526B7D /* UIViewController+ActionSheet.swift */ = {isa = PBXFileReference; lastKnownFileType = sourcecode.swift; path = "UIViewController+ActionSheet.swift"; sourceTree = "<group>"; };
		A6B7C8D9EA0B1C2D3E4F5068 /* TournamentLeaderboardViewController.swift */ = {isa = PBXFileReference; lastKnownFileType = sourcecode.swift; path = TournamentLeaderboardViewController.swift; sourceTree = "<group>"; };
		A7B8C9D0EB1C2D3E4F50617A /* GroupDetailViewController.swift */ = {isa = PBXFileReference; lastKnownFileType = sourcecode.swift; path = GroupDetailViewController.swift; sourceTree = "<group>"; };
		AI01B2C3D4E5F607182930A1 /* AISummaryViewController.swift */ = {isa = PBXFileReference; lastKnownFileType = sourcecode.swift; path = AISummaryViewController.swift; sourceTree = "<group>"; };
		AP01B2C3D4E5F607182930A7 /* ArchitectProfileViewController.swift */ = {isa = PBXFileReference; lastKnownFileType = sourcecode.swift; path = ArchitectProfileViewController.swift; sourceTree = "<group>"; };
		AL01B2C3D4E5F607182930A9 /* ArchitectLibrary.swift */ = {isa = PBXFileReference; lastKnownFileType = sourcecode.swift; path = ArchitectLibrary.swift; sourceTree = "<group>"; };
		PM01B2C3D4E5F607182930AC /* PremiumManager.swift */ = {isa = PBXFileReference; lastKnownFileType = sourcecode.swift; path = PremiumManager.swift; sourceTree = "<group>"; };
		PW01B2C3D4E5F607182930AE /* PaywallViewController.swift */ = {isa = PBXFileReference; lastKnownFileType = sourcecode.swift; path = PaywallViewController.swift; sourceTree = "<group>"; };
		LP01B2C3D4E5F607182930B0 /* LocationPromptViewController.swift */ = {isa = PBXFileReference; lastKnownFileType = sourcecode.swift; path = LocationPromptViewController.swift; sourceTree = "<group>"; };
		B2C3D4E5F6071829A3B4C5D6 /* TournamentScorecardRenderer.swift */ = {isa = PBXFileReference; lastKnownFileType = sourcecode.swift; path = TournamentScorecardRenderer.swift; sourceTree = "<group>"; };
		C4D5E6F7A8B9C4D5E6F70001 /* LiveNassauViewController.swift */ = {isa = PBXFileReference; lastKnownFileType = sourcecode.swift; path = LiveNassauViewController.swift; sourceTree = "<group>"; };
		C4D5E6F7A8B9C4D5E6F70003 /* NassauScorecardViewController.swift */ = {isa = PBXFileReference; lastKnownFileType = sourcecode.swift; path = NassauScorecardViewController.swift; sourceTree = "<group>"; };
		C4D5E6F7A8B9C4D5E6F70005 /* WolfSpectatorViewController.swift */ = {isa = PBXFileReference; lastKnownFileType = sourcecode.swift; path = WolfSpectatorViewController.swift; sourceTree = "<group>"; };
		CC01B2C3D4E5F607182930A5 /* ClaudeConfig.swift */ = {isa = PBXFileReference; lastKnownFileType = sourcecode.swift; path = ClaudeConfig.swift; sourceTree = "<group>"; };
		CS01B2C3D4E5F607182930A3 /* ClaudeService.swift */ = {isa = PBXFileReference; lastKnownFileType = sourcecode.swift; path = ClaudeService.swift; sourceTree = "<group>"; };
		DV1C2D3E4F506071829304AB /* DeviceID.swift */ = {isa = PBXFileReference; lastKnownFileType = sourcecode.swift; path = DeviceID.swift; sourceTree = "<group>"; };
		EB64F4195EB94B1F820D171F /* GameManager+Tournament.swift */ = {isa = PBXFileReference; lastKnownFileType = sourcecode.swift; path = "GameManager+Tournament.swift"; sourceTree = "<group>"; };
		F618A1702F3691E6009EEB12 /* ServiceContact.swift */ = {isa = PBXFileReference; lastKnownFileType = sourcecode.swift; path = ServiceContact.swift; sourceTree = "<group>"; };
		F618A1722F369228009EEB12 /* ServiceContactStore.swift */ = {isa = PBXFileReference; lastKnownFileType = sourcecode.swift; path = ServiceContactStore.swift; sourceTree = "<group>"; };
		F63960472F60D62500EC0C30 /* AppNotifications.swift */ = {isa = PBXFileReference; lastKnownFileType = sourcecode.swift; path = AppNotifications.swift; sourceTree = "<group>"; };
		F63960482F60D62500EC0C30 /* Course.swift */ = {isa = PBXFileReference; lastKnownFileType = sourcecode.swift; path = Course.swift; sourceTree = "<group>"; };
		F639604A2F60D62500EC0C30 /* CourseStore.swift */ = {isa = PBXFileReference; lastKnownFileType = sourcecode.swift; path = CourseStore.swift; sourceTree = "<group>"; };
		F639604B2F60D62500EC0C30 /* Game.swift */ = {isa = PBXFileReference; lastKnownFileType = sourcecode.swift; path = Game.swift; sourceTree = "<group>"; };
		F639604C2F60D62500EC0C30 /* GameData.swift */ = {isa = PBXFileReference; lastKnownFileType = sourcecode.swift; path = GameData.swift; sourceTree = "<group>"; };
		F639604D2F60D62500EC0C30 /* GameData+HoleViews.swift */ = {isa = PBXFileReference; lastKnownFileType = sourcecode.swift; path = "GameData+HoleViews.swift"; sourceTree = "<group>"; };
		F639604E2F60D62500EC0C30 /* GameData+Money.swift */ = {isa = PBXFileReference; lastKnownFileType = sourcecode.swift; path = "GameData+Money.swift"; sourceTree = "<group>"; };
		F639604F2F60D62500EC0C30 /* GameManager.swift */ = {isa = PBXFileReference; lastKnownFileType = sourcecode.swift; path = GameManager.swift; sourceTree = "<group>"; };
		F63960502F60D62500EC0C30 /* GameManager+Scoring.swift */ = {isa = PBXFileReference; lastKnownFileType = sourcecode.swift; path = "GameManager+Scoring.swift"; sourceTree = "<group>"; };
		F63960512F60D62500EC0C30 /* GameModels.swift */ = {isa = PBXFileReference; lastKnownFileType = sourcecode.swift; path = GameModels.swift; sourceTree = "<group>"; };
		F63960522F60D62500EC0C30 /* GameStatsViewController.swift */ = {isa = PBXFileReference; lastKnownFileType = sourcecode.swift; path = GameStatsViewController.swift; sourceTree = "<group>"; };
		F63960532F60D62500EC0C30 /* GameViewController.swift */ = {isa = PBXFileReference; lastKnownFileType = sourcecode.swift; path = GameViewController.swift; sourceTree = "<group>"; };
		F63960542F60D62500EC0C30 /* HomeViewController.swift */ = {isa = PBXFileReference; lastKnownFileType = sourcecode.swift; path = HomeViewController.swift; sourceTree = "<group>"; };
		F63960552F60D62500EC0C30 /* KeyboardHelpers.swift */ = {isa = PBXFileReference; lastKnownFileType = sourcecode.swift; path = KeyboardHelpers.swift; sourceTree = "<group>"; };
		F63960572F60D62500EC0C30 /* MyStatsViewController.swift */ = {isa = PBXFileReference; lastKnownFileType = sourcecode.swift; path = MyStatsViewController.swift; sourceTree = "<group>"; };
		F63960582F60D62500EC0C30 /* Notification.swift */ = {isa = PBXFileReference; lastKnownFileType = sourcecode.swift; path = Notification.swift; sourceTree = "<group>"; };
		F63960592F60D62500EC0C30 /* Player.swift */ = {isa = PBXFileReference; lastKnownFileType = sourcecode.swift; path = Player.swift; sourceTree = "<group>"; };
		F639605A2F60D62500EC0C30 /* PlayerSetupStore.swift */ = {isa = PBXFileReference; lastKnownFileType = sourcecode.swift; path = PlayerSetupStore.swift; sourceTree = "<group>"; };
		F639605B2F60D62500EC0C30 /* PlayerSetupViewController.swift */ = {isa = PBXFileReference; lastKnownFileType = sourcecode.swift; path = PlayerSetupViewController.swift; sourceTree = "<group>"; };
		F639605C2F60D62500EC0C30 /* ProfileStore.swift */ = {isa = PBXFileReference; lastKnownFileType = sourcecode.swift; path = ProfileStore.swift; sourceTree = "<group>"; };
		F639605D2F60D62500EC0C30 /* RoundStore.swift */ = {isa = PBXFileReference; lastKnownFileType = sourcecode.swift; path = RoundStore.swift; sourceTree = "<group>"; };
		F639605E2F60D62500EC0C30 /* RoundSummary.swift */ = {isa = PBXFileReference; lastKnownFileType = sourcecode.swift; path = RoundSummary.swift; sourceTree = "<group>"; };
		F639605F2F60D62500EC0C30 /* RulesEngine.swift */ = {isa = PBXFileReference; lastKnownFileType = sourcecode.swift; path = RulesEngine.swift; sourceTree = "<group>"; };
		F63960602F60D62500EC0C30 /* ScoreStyle.swift */ = {isa = PBXFileReference; lastKnownFileType = sourcecode.swift; path = ScoreStyle.swift; sourceTree = "<group>"; };
		F63960612F60D62500EC0C30 /* UserProfile.swift */ = {isa = PBXFileReference; lastKnownFileType = sourcecode.swift; path = UserProfile.swift; sourceTree = "<group>"; };
		F63960862F60D62500EC0C30 /* CustomGroupsViewController.swift */ = {isa = PBXFileReference; lastKnownFileType = sourcecode.swift; path = CustomGroupsViewController.swift; sourceTree = "<group>"; };
		F63960C12F60D62500EC0C30 /* WolfmoreGolf.xcodeproj */ = {isa = PBXFileReference; lastKnownFileType = "wrapper.pb-project"; path = WolfmoreGolf.xcodeproj; sourceTree = "<group>"; };
		F63D06952ED5143B00F165CA /* RosterAndTrackingViewController.swift */ = {isa = PBXFileReference; lastKnownFileType = sourcecode.swift; path = RosterAndTrackingViewController.swift; sourceTree = "<group>"; };
		F63D070F2ED8B20400F165CA /* ManagePlayersViewController.swift */ = {isa = PBXFileReference; lastKnownFileType = sourcecode.swift; path = ManagePlayersViewController.swift; sourceTree = "<group>"; };
		F63D07132ED922D400F165CA /* ManagePlayerCell.swift */ = {isa = PBXFileReference; lastKnownFileType = sourcecode.swift; path = ManagePlayerCell.swift; sourceTree = "<group>"; };
		F63D08042EDFA66800F165CA /* CourseSummaryViewController.swift */ = {isa = PBXFileReference; lastKnownFileType = sourcecode.swift; path = CourseSummaryViewController.swift; sourceTree = "<group>"; };
		F64CDA952ECD0AA900019EE0 /* HoleStatsViewController.swift */ = {isa = PBXFileReference; lastKnownFileType = sourcecode.swift; path = HoleStatsViewController.swift; sourceTree = "<group>"; };
		F64DE8142EB2850000F8D625 /* AppDelegate.swift */ = {isa = PBXFileReference; lastKnownFileType = sourcecode.swift; path = AppDelegate.swift; sourceTree = "<group>"; };
		F64DE81C2EB2864B00F8D625 /* SceneDelegate.swift */ = {isa = PBXFileReference; lastKnownFileType = sourcecode.swift; path = SceneDelegate.swift; sourceTree = "<group>"; };
		F64DE8462EB2940000F8D625 /* Info.plist */ = {isa = PBXFileReference; lastKnownFileType = text.plist.xml; path = Info.plist; sourceTree = "<group>"; };
		F64DE9512EB6AAE300F8D625 /* Assets.xcassets */ = {isa = PBXFileReference; lastKnownFileType = folder.assetcatalog; path = Assets.xcassets; sourceTree = "<group>"; };
		F657CEB32F01BBCA001CBFCD /* CourseLibrary.swift */ = {isa = PBXFileReference; lastKnownFileType = sourcecode.swift; path = CourseLibrary.swift; sourceTree = "<group>"; };
		F6590F042EFA225B0085D088 /* GameType.swift */ = {isa = PBXFileReference; lastKnownFileType = sourcecode.swift; path = GameType.swift; sourceTree = "<group>"; };
		F66006BF2F60C56F00148767 /* ButtonStyles.swift */ = {isa = PBXFileReference; lastKnownFileType = sourcecode.swift; path = ButtonStyles.swift; sourceTree = "<group>"; };
		F66006C32F60C56F00148767 /* CoursePickerViewController.swift */ = {isa = PBXFileReference; lastKnownFileType = sourcecode.swift; path = CoursePickerViewController.swift; sourceTree = "<group>"; };
		F66006C42F60C56F00148767 /* CourseSetupViewController.swift */ = {isa = PBXFileReference; lastKnownFileType = sourcecode.swift; path = CourseSetupViewController.swift; sourceTree = "<group>"; };
		F66007022F60C56F00148767 /* WolfmoreGolf.xcodeproj */ = {isa = PBXFileReference; lastKnownFileType = "wrapper.pb-project"; path = WolfmoreGolf.xcodeproj; sourceTree = "<group>"; };
		F66007052F60C56F00148767 /* Base */ = {isa = PBXFileReference; lastKnownFileType = sourcecode.swift; name = Base; path = "Base.lproj/AppDelegate 2.swift"; sourceTree = "<group>"; };
		F6750CFF2F785E24001828D2 /* GameSettingsViewController.swift */ = {isa = PBXFileReference; lastKnownFileType = sourcecode.swift; path = GameSettingsViewController.swift; sourceTree = "<group>"; };
		F688C7402F37F9E800A4B094 /* ContactsViewController.swift */ = {isa = PBXFileReference; lastKnownFileType = sourcecode.swift; path = ContactsViewController.swift; sourceTree = "<group>"; };
		F688C7802F3906C400A4B094 /* SummaryFormatter.swift */ = {isa = PBXFileReference; lastKnownFileType = sourcecode.swift; path = SummaryFormatter.swift; sourceTree = "<group>"; };
		F6A010002FA0000000000AE1 /* WolfActions.swift */ = {isa = PBXFileReference; lastKnownFileType = sourcecode.swift; path = WolfActions.swift; sourceTree = "<group>"; };
		F6D041832F611C3200CABD08 /* Base */ = {isa = PBXFileReference; lastKnownFileType = file.storyboard; name = Base; path = Base.lproj/Main.storyboard; sourceTree = "<group>"; };
		F6D3513D2EBFF5DC00CE24F9 /* WolfmoreGolf.app */ = {isa = PBXFileReference; explicitFileType = wrapper.application; includeInIndex = 0; path = WolfmoreGolf.app; sourceTree = BUILT_PRODUCTS_DIR; };
		F6D351512EC0313E00CE24F9 /* RulesViewController.swift */ = {isa = PBXFileReference; lastKnownFileType = sourcecode.swift; path = RulesViewController.swift; sourceTree = "<group>"; };
		F6D3518D2EC1187400CE24F9 /* OwnerSeat.swift */ = {isa = PBXFileReference; lastKnownFileType = sourcecode.swift; path = OwnerSeat.swift; sourceTree = "<group>"; };
		F6D541672F63B3C40020588F /* NassauViewController.swift */ = {isa = PBXFileReference; lastKnownFileType = sourcecode.swift; path = NassauViewController.swift; sourceTree = "<group>"; };
		F6D541692F646D880020588F /* NassauModel.swift */ = {isa = PBXFileReference; lastKnownFileType = sourcecode.swift; path = NassauModel.swift; sourceTree = "<group>"; };
		F6D5416B2F646EA70020588F /* NassauEngine.swift */ = {isa = PBXFileReference; lastKnownFileType = sourcecode.swift; path = NassauEngine.swift; sourceTree = "<group>"; };
		F6D541792F7498150020588F /* TextGroup.swift */ = {isa = PBXFileReference; lastKnownFileType = sourcecode.swift; path = TextGroup.swift; sourceTree = "<group>"; };
		F6D5417B2F7498740020588F /* TextGroupStore.swift */ = {isa = PBXFileReference; lastKnownFileType = sourcecode.swift; path = TextGroupStore.swift; sourceTree = "<group>"; };
		F6D66A7E2F26971300367C08 /* Entitlements.swift */ = {isa = PBXFileReference; lastKnownFileType = sourcecode.swift; path = Entitlements.swift; sourceTree = "<group>"; };
		F6D66A802F26994400367C08 /* Notifications.swift */ = {isa = PBXFileReference; lastKnownFileType = sourcecode.swift; path = Notifications.swift; sourceTree = "<group>"; };
		F6D66AC52F327AC400367C08 /* StoreKit.framework */ = {isa = PBXFileReference; lastKnownFileType = wrapper.framework; name = StoreKit.framework; path = System/Library/Frameworks/StoreKit.framework; sourceTree = SDKROOT; };
		F6D66AD02F356B7D00367C08 /* TextViewController.swift */ = {isa = PBXFileReference; lastKnownFileType = sourcecode.swift; path = TextViewController.swift; sourceTree = "<group>"; };
		F6D6A4992EC786BC0000F576 /* Friend.swift */ = {isa = PBXFileReference; lastKnownFileType = sourcecode.swift; path = Friend.swift; sourceTree = "<group>"; };
		F6D6A49B2EC786D10000F576 /* FriendStore.swift */ = {isa = PBXFileReference; lastKnownFileType = sourcecode.swift; path = FriendStore.swift; sourceTree = "<group>"; };
		F6D6A49D2EC786FF0000F576 /* FriendTrackStore.swift */ = {isa = PBXFileReference; lastKnownFileType = sourcecode.swift; path = FriendTrackStore.swift; sourceTree = "<group>"; };
		F6D6A4A22EC78A100000F576 /* TrackFriendsViewController.swift */ = {isa = PBXFileReference; lastKnownFileType = sourcecode.swift; path = TrackFriendsViewController.swift; sourceTree = "<group>"; };
		F6E007F22F8017AC00763694 /* SkinsModel.swift */ = {isa = PBXFileReference; lastKnownFileType = sourcecode.swift; path = SkinsModel.swift; sourceTree = "<group>"; };
		F6E007F42F8017F300763694 /* SkinsEngine.swift */ = {isa = PBXFileReference; lastKnownFileType = sourcecode.swift; path = SkinsEngine.swift; sourceTree = "<group>"; };
		F6E007F62F80182400763694 /* SkinsViewController.swift */ = {isa = PBXFileReference; lastKnownFileType = sourcecode.swift; path = SkinsViewController.swift; sourceTree = "<group>"; };
		F6E007F82F80D19B00763694 /* HoleStatsEntryViewController.swift */ = {isa = PBXFileReference; lastKnownFileType = sourcecode.swift; path = HoleStatsEntryViewController.swift; sourceTree = "<group>"; };
		F6E007FA2F81913500763694 /* StatsContainerViewController.swift */ = {isa = PBXFileReference; lastKnownFileType = sourcecode.swift; path = StatsContainerViewController.swift; sourceTree = "<group>"; };
		F6E007FC2F80182400763694 /* SkinsSettingsViewController.swift */ = {isa = PBXFileReference; lastKnownFileType = sourcecode.swift; path = SkinsSettingsViewController.swift; sourceTree = "<group>"; };
		F6E007FF2F80182400763694 /* ReviewPrompter.swift */ = {isa = PBXFileReference; lastKnownFileType = sourcecode.swift; path = ReviewPrompter.swift; sourceTree = "<group>"; };
		F6E008022F884A6500763694 /* SharedRound.swift */ = {isa = PBXFileReference; lastKnownFileType = sourcecode.swift; path = SharedRound.swift; sourceTree = "<group>"; };
		F6E008042F884A9D00763694 /* RemoteRoundCodec.swift */ = {isa = PBXFileReference; lastKnownFileType = sourcecode.swift; path = RemoteRoundCodec.swift; sourceTree = "<group>"; };
		F6E008062F89403800763694 /* SharedRoundBuilder.swift */ = {isa = PBXFileReference; lastKnownFileType = sourcecode.swift; path = SharedRoundBuilder.swift; sourceTree = "<group>"; };
		F6E008082F89408500763694 /* RemoteNassauScorer.swift */ = {isa = PBXFileReference; lastKnownFileType = sourcecode.swift; path = RemoteNassauScorer.swift; sourceTree = "<group>"; };
		F6E0080A2F8965B600763694 /* RemoteNassauViewController.swift */ = {isa = PBXFileReference; lastKnownFileType = sourcecode.swift; path = RemoteNassauViewController.swift; sourceTree = "<group>"; };
		F6E008112F90AA1400763694 /* TournamentSettingsViewController.swift */ = {isa = PBXFileReference; lastKnownFileType = sourcecode.swift; path = TournamentSettingsViewController.swift; sourceTree = "<group>"; };
		F6E008122F8D269F00763694 /* RemoteMatch.swift */ = {isa = PBXFileReference; lastKnownFileType = sourcecode.swift; path = RemoteMatch.swift; sourceTree = "<group>"; };
		F6E008142F8D26FC00763694 /* RemoteMatchStore.swift */ = {isa = PBXFileReference; lastKnownFileType = sourcecode.swift; path = RemoteMatchStore.swift; sourceTree = "<group>"; };
		F6E008162F8D273200763694 /* RemoteMatchInvite.swift */ = {isa = PBXFileReference; lastKnownFileType = sourcecode.swift; path = RemoteMatchInvite.swift; sourceTree = "<group>"; };
		F6E008182F8D27EB00763694 /* RemoteMatchInviteCodec.swift */ = {isa = PBXFileReference; lastKnownFileType = sourcecode.swift; path = RemoteMatchInviteCodec.swift; sourceTree = "<group>"; };
		F6E0081D2F8DBF2A00763694 /* ImportRemoteRoundViewController.swift */ = {isa = PBXFileReference; lastKnownFileType = sourcecode.swift; path = ImportRemoteRoundViewController.swift; sourceTree = "<group>"; };
		F6E008222F8E62C600763694 /* RoundHistoryStore.swift */ = {isa = PBXFileReference; lastKnownFileType = sourcecode.swift; path = RoundHistoryStore.swift; sourceTree = "<group>"; };
		F6E008262F8FFDC000763694 /* RemoteMatchesViewController.swift */ = {isa = PBXFileReference; lastKnownFileType = sourcecode.swift; path = RemoteMatchesViewController.swift; sourceTree = "<group>"; };
		F6E2180F2F75D25C00A95B52 /* NassauSettingsViewController.swift */ = {isa = PBXFileReference; lastKnownFileType = sourcecode.swift; path = NassauSettingsViewController.swift; sourceTree = "<group>"; };
		F6F213F02F60F6D700809504 /* WolfmoreGolf.xcodeproj */ = {isa = PBXFileReference; lastKnownFileType = "wrapper.pb-project"; path = WolfmoreGolf.xcodeproj; sourceTree = "<group>"; };
		F7B2D4E81C3A5F69A0E4B382 /* TournamentScorecardViewController.swift */ = {isa = PBXFileReference; lastKnownFileType = sourcecode.swift; path = TournamentScorecardViewController.swift; sourceTree = "<group>"; };
		LC01B2C3D4E5F607182930AB /* LiveConnectedViewController.swift */ = {isa = PBXFileReference; lastKnownFileType = sourcecode.swift; path = LiveConnectedViewController.swift; sourceTree = "<group>"; };
		RS1A2B3C4D5E6F70819203AB /* ResetSnapshotStore.swift */ = {isa = PBXFileReference; lastKnownFileType = sourcecode.swift; path = ResetSnapshotStore.swift; sourceTree = "<group>"; };
/* End PBXFileReference section */

/* Begin PBXFrameworksBuildPhase section */
		F64DE7852EB0396000F8D625 /* Frameworks */ = {
			isa = PBXFrameworksBuildPhase;
			buildActionMask = 2147483647;
			files = (
				F6DF412B2FC8A06F00F8322F /* Supabase in Frameworks */,
				F6D66AC62F327AC500367C08 /* StoreKit.framework in Frameworks */,
			);
			runOnlyForDeploymentPostprocessing = 0;
		};
/* End PBXFrameworksBuildPhase section */

/* Begin PBXGroup section */
		F63960C22F60D62500EC0C30 /* Products */ = {
			isa = PBXGroup;
			children = (
			);
			name = Products;
			sourceTree = "<group>";
		};
		F64DE77F2EB0396000F8D625 = {
			isa = PBXGroup;
			children = (
				9402F93CD28E4C029E042DFC /* Constants.swift */,
				F6E008262F8FFDC000763694 /* RemoteMatchesViewController.swift */,
				F6E008222F8E62C600763694 /* RoundHistoryStore.swift */,
				F6E0081D2F8DBF2A00763694 /* ImportRemoteRoundViewController.swift */,
				F6E008182F8D27EB00763694 /* RemoteMatchInviteCodec.swift */,
				F6E008162F8D273200763694 /* RemoteMatchInvite.swift */,
				F6E008142F8D26FC00763694 /* RemoteMatchStore.swift */,
				F6E008122F8D269F00763694 /* RemoteMatch.swift */,
				F6E0080A2F8965B600763694 /* RemoteNassauViewController.swift */,
				F6A010002FA0000000000AE1 /* WolfActions.swift */,
				F6E008082F89408500763694 /* RemoteNassauScorer.swift */,
				F6E008062F89403800763694 /* SharedRoundBuilder.swift */,
				F6E008042F884A9D00763694 /* RemoteRoundCodec.swift */,
				F6E008022F884A6500763694 /* SharedRound.swift */,
				F6E007FA2F81913500763694 /* StatsContainerViewController.swift */,
				6DA27DBD514F44729ADCBC19 /* PastGamesViewController.swift */,
				79FE676BB72D42FAA7A487F7 /* PastGameDetailViewController.swift */,
				A2B3C4D5E6F7081929304A5C /* TeeGamesViewController.swift */,
				LC01B2C3D4E5F607182930AB /* LiveConnectedViewController.swift */,
				DV1C2D3E4F506071829304AB /* DeviceID.swift */,
				RS1A2B3C4D5E6F70819203AB /* ResetSnapshotStore.swift */,
				AI01B2C3D4E5F607182930A1 /* AISummaryViewController.swift */,
				AP01B2C3D4E5F607182930A7 /* ArchitectProfileViewController.swift */,
				AL01B2C3D4E5F607182930A9 /* ArchitectLibrary.swift */,
				PM01B2C3D4E5F607182930AC /* PremiumManager.swift */,
				PW01B2C3D4E5F607182930AE /* PaywallViewController.swift */,
				LP01B2C3D4E5F607182930B0 /* LocationPromptViewController.swift */,
				CS01B2C3D4E5F607182930A3 /* ClaudeService.swift */,
				CC01B2C3D4E5F607182930A5 /* ClaudeConfig.swift */,
				A3B4C5D6E7F8092030415A6D /* TeeGameSetupViewController.swift */,
				A4B5C6D7E8F90A2131526B7D /* UIViewController+ActionSheet.swift */,
				A6B7C8D9EA0B1C2D3E4F5068 /* TournamentLeaderboardViewController.swift */,
				A7B8C9D0EB1C2D3E4F50617A /* GroupDetailViewController.swift */,
				F6E007F82F80D19B00763694 /* HoleStatsEntryViewController.swift */,
				F6E007F62F80182400763694 /* SkinsViewController.swift */,
				F6E007FC2F80182400763694 /* SkinsSettingsViewController.swift */,
				F6E008112F90AA1400763694 /* TournamentSettingsViewController.swift */,
				F6E007FF2F80182400763694 /* ReviewPrompter.swift */,
				1D7D681FBEA3C05DBD4C6D7E /* UpdateChecker.swift */,
				F6E007F42F8017F300763694 /* SkinsEngine.swift */,
				F6E007F22F8017AC00763694 /* SkinsModel.swift */,
				F6750CFF2F785E24001828D2 /* GameSettingsViewController.swift */,
				F6E2180F2F75D25C00A95B52 /* NassauSettingsViewController.swift */,
				F6D5417B2F7498740020588F /* TextGroupStore.swift */,
				F6D541792F7498150020588F /* TextGroup.swift */,
				F6D5416B2F646EA70020588F /* NassauEngine.swift */,
				F6D541692F646D880020588F /* NassauModel.swift */,
				F6D041822F611C3200CABD08 /* Main.storyboard */,
				F6D541672F63B3C40020588F /* NassauViewController.swift */,
				F688C7802F3906C400A4B094 /* SummaryFormatter.swift */,
				F66006BB2F60C56F00148767 /* AppDelegate.swift */,
				F688C7402F37F9E800A4B094 /* ContactsViewController.swift */,
				F618A1722F369228009EEB12 /* ServiceContactStore.swift */,
				F618A1702F3691E6009EEB12 /* ServiceContact.swift */,
				F6D66AD02F356B7D00367C08 /* TextViewController.swift */,
				F6D66A802F26994400367C08 /* Notifications.swift */,
				F6D66A7E2F26971300367C08 /* Entitlements.swift */,
				F66006BF2F60C56F00148767 /* ButtonStyles.swift */,
				F657CEB32F01BBCA001CBFCD /* CourseLibrary.swift */,
				F66006C32F60C56F00148767 /* CoursePickerViewController.swift */,
				F66006C42F60C56F00148767 /* CourseSetupViewController.swift */,
				F63960472F60D62500EC0C30 /* AppNotifications.swift */,
				F6590F042EFA225B0085D088 /* GameType.swift */,
				F63D07132ED922D400F165CA /* ManagePlayerCell.swift */,
				F63D08042EDFA66800F165CA /* CourseSummaryViewController.swift */,
				F63D070F2ED8B20400F165CA /* ManagePlayersViewController.swift */,
				F63D06952ED5143B00F165CA /* RosterAndTrackingViewController.swift */,
				F64CDA952ECD0AA900019EE0 /* HoleStatsViewController.swift */,
				F6D6A4A22EC78A100000F576 /* TrackFriendsViewController.swift */,
				F6D6A49D2EC786FF0000F576 /* FriendTrackStore.swift */,
				F6D6A49B2EC786D10000F576 /* FriendStore.swift */,
				F6D6A4992EC786BC0000F576 /* Friend.swift */,
				F6D3518D2EC1187400CE24F9 /* OwnerSeat.swift */,
				F6D351512EC0313E00CE24F9 /* RulesViewController.swift */,
				F63960482F60D62500EC0C30 /* Course.swift */,
				F639604C2F60D62500EC0C30 /* GameData.swift */,
				F639604A2F60D62500EC0C30 /* CourseStore.swift */,
				F639604D2F60D62500EC0C30 /* GameData+HoleViews.swift */,
				F639604F2F60D62500EC0C30 /* GameManager.swift */,
				F63960502F60D62500EC0C30 /* GameManager+Scoring.swift */,
				EB64F4195EB94B1F820D171F /* GameManager+Tournament.swift */,
				132A36A89650472DA654B343 /* TournamentSummaryViewController.swift */,
				F7B2D4E81C3A5F69A0E4B382 /* TournamentScorecardViewController.swift */,
				B2C3D4E5F6071829A3B4C5D6 /* TournamentScorecardRenderer.swift */,
				7298A503BD3F427C807DB30C /* SupabaseService.swift */,
				2E5EC0551DDE495DBC914610 /* SupabaseModels.swift */,
				30D556E2E1A2444F9E91213A /* SupabaseConfig.swift */,
				C4D5E6F7A8B9C4D5E6F70001 /* LiveNassauViewController.swift */,
				C4D5E6F7A8B9C4D5E6F70003 /* NassauScorecardViewController.swift */,
				C4D5E6F7A8B9C4D5E6F70005 /* WolfSpectatorViewController.swift */,
				F63960512F60D62500EC0C30 /* GameModels.swift */,
				F63960522F60D62500EC0C30 /* GameStatsViewController.swift */,
				F63960532F60D62500EC0C30 /* GameViewController.swift */,
				F639604E2F60D62500EC0C30 /* GameData+Money.swift */,
				F63960542F60D62500EC0C30 /* HomeViewController.swift */,
				F63960552F60D62500EC0C30 /* KeyboardHelpers.swift */,
				F63960572F60D62500EC0C30 /* MyStatsViewController.swift */,
				F63960582F60D62500EC0C30 /* Notification.swift */,
				F63960592F60D62500EC0C30 /* Player.swift */,
				F639605A2F60D62500EC0C30 /* PlayerSetupStore.swift */,
				F639604B2F60D62500EC0C30 /* Game.swift */,
				F639605B2F60D62500EC0C30 /* PlayerSetupViewController.swift */,
				F63960602F60D62500EC0C30 /* ScoreStyle.swift */,
				F639605F2F60D62500EC0C30 /* RulesEngine.swift */,
				F639605E2F60D62500EC0C30 /* RoundSummary.swift */,
				F639605C2F60D62500EC0C30 /* ProfileStore.swift */,
				F63960612F60D62500EC0C30 /* UserProfile.swift */,
				F639605D2F60D62500EC0C30 /* RoundStore.swift */,
				F63960862F60D62500EC0C30 /* CustomGroupsViewController.swift */,
				F64DE7892EB0396000F8D625 /* Products */,
				F64DE8142EB2850000F8D625 /* AppDelegate.swift */,
				F64DE81C2EB2864B00F8D625 /* SceneDelegate.swift */,
				F6D66AC42F327AC400367C08 /* Frameworks */,
			);
			sourceTree = "<group>";
		};
		F64DE7892EB0396000F8D625 /* Products */ = {
			isa = PBXGroup;
			children = (
				F64DE8462EB2940000F8D625 /* Info.plist */,
				F64DE9512EB6AAE300F8D625 /* Assets.xcassets */,
				F6D3513D2EBFF5DC00CE24F9 /* WolfmoreGolf.app */,
			);
			name = Products;
			sourceTree = "<group>";
		};
		F66007032F60C56F00148767 /* Products */ = {
			isa = PBXGroup;
			children = (
			);
			name = Products;
			sourceTree = "<group>";
		};
		F6D66AC42F327AC400367C08 /* Frameworks */ = {
			isa = PBXGroup;
			children = (
				F6D66AC52F327AC400367C08 /* StoreKit.framework */,
			);
			name = Frameworks;
			sourceTree = "<group>";
		};
		F6F213F12F60F6D700809504 /* Products */ = {
			isa = PBXGroup;
			children = (
			);
			name = Products;
			sourceTree = "<group>";
		};
/* End PBXGroup section */

/* Begin PBXNativeTarget section */
		F64DE7872EB0396000F8D625 /* WolfmoreGolf */ = {
			isa = PBXNativeTarget;
			buildConfigurationList = F64DE79B2EB0396100F8D625 /* Build configuration list for PBXNativeTarget "WolfmoreGolf" */;
			buildPhases = (
				F64DE7842EB0396000F8D625 /* Sources */,
				F64DE7852EB0396000F8D625 /* Frameworks */,
				F64DE7862EB0396000F8D625 /* Resources */,
			);
			buildRules = (
			);
			dependencies = (
			);
			name = WolfmoreGolf;
			packageProductDependencies = (
				F6DF412A2FC8A06F00F8322F /* Supabase */,
			);
			productName = WolfmoreGolf;
			productReference = F6D3513D2EBFF5DC00CE24F9 /* WolfmoreGolf.app */;
			productType = "com.apple.product-type.application";
		};
/* End PBXNativeTarget section */

/* Begin PBXProject section */
		F64DE7802EB0396000F8D625 /* Project object */ = {
			isa = PBXProject;
			attributes = {
				BuildIndependentTargetsInParallel = 1;
				LastSwiftUpdateCheck = 2600;
				LastUpgradeCheck = 2640;
				TargetAttributes = {
					F64DE7872EB0396000F8D625 = {
						CreatedOnToolsVersion = 26.0.1;
						LastSwiftMigration = 2600;
					};
				};
			};
			buildConfigurationList = F64DE7832EB0396000F8D625 /* Build configuration list for PBXProject "WolfmoreGolf" */;
			developmentRegion = en;
			hasScannedForEncodings = 0;
			knownRegions = (
				en,
				Base,
				"Base 2",
				"Base 2C",
				"Base 2B",
				"Base 3",
			);
			mainGroup = F64DE77F2EB0396000F8D625;
			minimizedProjectReferenceProxies = 1;
			packageReferences = (
				F6DF411D2FC89DB400F8322F /* XCRemoteSwiftPackageReference "supabase-swift" */,
			);
			preferredProjectObjectVersion = 77;
			productRefGroup = F64DE7892EB0396000F8D625 /* Products */;
			projectDirPath = "";
			projectReferences = (
				{
					ProductGroup = F63960C22F60D62500EC0C30 /* Products */;
					ProjectRef = F63960C12F60D62500EC0C30 /* WolfmoreGolf.xcodeproj */;
				},
				{
					ProductGroup = F6F213F12F60F6D700809504 /* Products */;
					ProjectRef = F6F213F02F60F6D700809504 /* WolfmoreGolf.xcodeproj */;
				},
				{
					ProductGroup = F66007032F60C56F00148767 /* Products */;
					ProjectRef = F66007022F60C56F00148767 /* WolfmoreGolf.xcodeproj */;
				},
			);
			projectRoot = "";
			targets = (
				F64DE7872EB0396000F8D625 /* WolfmoreGolf */,
			);
		};
/* End PBXProject section */

/* Begin PBXResourcesBuildPhase section */
		F64DE7862EB0396000F8D625 /* Resources */ = {
			isa = PBXResourcesBuildPhase;
			buildActionMask = 2147483647;
			files = (
				F6D041842F611C3200CABD08 /* Main.storyboard in Resources */,
				F64DE9522EB6AAE300F8D625 /* Assets.xcassets in Resources */,
			);
			runOnlyForDeploymentPostprocessing = 0;
		};
/* End PBXResourcesBuildPhase section */

/* Begin PBXSourcesBuildPhase section */
		F64DE7842EB0396000F8D625 /* Sources */ = {
			isa = PBXSourcesBuildPhase;
			buildActionMask = 2147483647;
			files = (
				F64DE8202EB2864B00F8D625 /* SceneDelegate.swift in Sources */,
				F688C7412F37F9E800A4B094 /* ContactsViewController.swift in Sources */,
				F63D08052EDFA66800F165CA /* CourseSummaryViewController.swift in Sources */,
				F6D541682F63B3C40020588F /* NassauViewController.swift in Sources */,
				F6D66A812F26994400367C08 /* Notifications.swift in Sources */,
				F6E008072F89403800763694 /* SharedRoundBuilder.swift in Sources */,
				F6D66AD12F356B7E00367C08 /* TextViewController.swift in Sources */,
				F63D06962ED5143B00F165CA /* RosterAndTrackingViewController.swift in Sources */,
				F66007422F60C56F00148767 /* ButtonStyles.swift in Sources */,
				F66007462F60C56F00148767 /* CoursePickerViewController.swift in Sources */,
				F6D5417D2F749C1E0020588F /* CustomGroupsViewController.swift in Sources */,
				F66007472F60C56F00148767 /* CourseSetupViewController.swift in Sources */,
				F6E008132F8D269F00763694 /* RemoteMatch.swift in Sources */,
				F6E218102F75D25C00A95B52 /* NassauSettingsViewController.swift in Sources */,
				F618A1732F369228009EEB12 /* ServiceContactStore.swift in Sources */,
				F63D07142ED922D400F165CA /* ManagePlayerCell.swift in Sources */,
				F6D6A49E2EC786FF0000F576 /* FriendTrackStore.swift in Sources */,
				F6E008172F8D273200763694 /* RemoteMatchInvite.swift in Sources */,
				F6D66A7F2F26971300367C08 /* Entitlements.swift in Sources */,
				F6D6A49C2EC786D10000F576 /* FriendStore.swift in Sources */,
				F64CDA962ECD0AA900019EE0 /* HoleStatsViewController.swift in Sources */,
				F6E007F32F8017AC00763694 /* SkinsModel.swift in Sources */,
				F6D6A4A32EC78A100000F576 /* TrackFriendsViewController.swift in Sources */,
				F6D6A49A2EC786BC0000F576 /* Friend.swift in Sources */,
				F63960632F60D62500EC0C30 /* AppNotifications.swift in Sources */,
				F63960642F60D62500EC0C30 /* Course.swift in Sources */,
				F63960662F60D62500EC0C30 /* CourseStore.swift in Sources */,
				F6E007FB2F81913500763694 /* StatsContainerViewController.swift in Sources */,
				44DDAAF7AA504F088F946EB1 /* PastGamesViewController.swift in Sources */,
				B66C2E5033A842F5A84999BE /* PastGameDetailViewController.swift in Sources */,
				A2B3C4D5E6F7081929304A5B /* TeeGamesViewController.swift in Sources */,
				LC01B2C3D4E5F607182930AA /* LiveConnectedViewController.swift in Sources */,
				A3B4C5D6E7F8092030415A6C /* TeeGameSetupViewController.swift in Sources */,
				A4B5C6D7E8F90A2131526B7C /* UIViewController+ActionSheet.swift in Sources */,
				A6B7C8D9EA0B1C2D3E4F5067 /* TournamentLeaderboardViewController.swift in Sources */,
				A7B8C9D0EB1C2D3E4F506179 /* GroupDetailViewController.swift in Sources */,
				F6E008152F8D26FC00763694 /* RemoteMatchStore.swift in Sources */,
				F6E008052F884A9D00763694 /* RemoteRoundCodec.swift in Sources */,
				F63960672F60D62500EC0C30 /* Game.swift in Sources */,
				F63960682F60D62500EC0C30 /* GameData.swift in Sources */,
				F63960692F60D62500EC0C30 /* GameData+HoleViews.swift in Sources */,
				F639606A2F60D62500EC0C30 /* GameData+Money.swift in Sources */,
				F6D5416A2F646D880020588F /* NassauModel.swift in Sources */,
				F639606B2F60D62500EC0C30 /* GameManager.swift in Sources */,
				F639606C2F60D62500EC0C30 /* GameManager+Scoring.swift in Sources */,
				4D843132DAAB4D78B8688A94 /* GameManager+Tournament.swift in Sources */,
				D64B14586458493690DECE2E /* TournamentSummaryViewController.swift in Sources */,
				E8C1A3F72B9D4E6A8F5C2D71 /* TournamentScorecardViewController.swift in Sources */,
				A1B2C3D4E5F60718293A4B5C /* TournamentScorecardRenderer.swift in Sources */,
				7B4E1A3D0EBE4811A681DE64 /* SupabaseService.swift in Sources */,
				249133D5DF2043B8BC34834D /* SupabaseModels.swift in Sources */,
				43718BCECA3E4E7EBF3C92BF /* SupabaseConfig.swift in Sources */,
				C4D5E6F7A8B9C4D5E6F70002 /* LiveNassauViewController.swift in Sources */,
				C4D5E6F7A8B9C4D5E6F70004 /* NassauScorecardViewController.swift in Sources */,
				C4D5E6F7A8B9C4D5E6F70006 /* WolfSpectatorViewController.swift in Sources */,
				DV1C2D3E4F506071829304AA /* DeviceID.swift in Sources */,
				RS1A2B3C4D5E6F70819203AA /* ResetSnapshotStore.swift in Sources */,
				AI01B2C3D4E5F607182930A2 /* AISummaryViewController.swift in Sources */,
				AP01B2C3D4E5F607182930A8 /* ArchitectProfileViewController.swift in Sources */,
				AL01B2C3D4E5F607182930AA /* ArchitectLibrary.swift in Sources */,
				PM01B2C3D4E5F607182930AB /* PremiumManager.swift in Sources */,
				PW01B2C3D4E5F607182930AD /* PaywallViewController.swift in Sources */,
				LP01B2C3D4E5F607182930AF /* LocationPromptViewController.swift in Sources */,
				CS01B2C3D4E5F607182930A4 /* ClaudeService.swift in Sources */,
				CC01B2C3D4E5F607182930A6 /* ClaudeConfig.swift in Sources */,
				F6D5417C2F7498740020588F /* TextGroupStore.swift in Sources */,
				F639606D2F60D62500EC0C30 /* GameModels.swift in Sources */,
				F639606E2F60D62500EC0C30 /* GameStatsViewController.swift in Sources */,
				F6E008032F884A6500763694 /* SharedRound.swift in Sources */,
				F639606F2F60D62500EC0C30 /* GameViewController.swift in Sources */,
				F63960702F60D62500EC0C30 /* HomeViewController.swift in Sources */,
				F63960712F60D62500EC0C30 /* KeyboardHelpers.swift in Sources */,
				F63960722F60D62500EC0C30 /* MyStatsViewController.swift in Sources */,
				F63960732F60D62500EC0C30 /* Notification.swift in Sources */,
				F6E007F92F80D19B00763694 /* HoleStatsEntryViewController.swift in Sources */,
				F6E007F52F8017F300763694 /* SkinsEngine.swift in Sources */,
				F63960742F60D62500EC0C30 /* Player.swift in Sources */,
				F6D5416C2F646EA70020588F /* NassauEngine.swift in Sources */,
				F6E008272F8FFDC000763694 /* RemoteMatchesViewController.swift in Sources */,
				F6E008232F8E62C600763694 /* RoundHistoryStore.swift in Sources */,
				F63960752F60D62500EC0C30 /* PlayerSetupStore.swift in Sources */,
				F6750D002F785E24001828D2 /* GameSettingsViewController.swift in Sources */,
				F6E0080B2F8965B600763694 /* RemoteNassauViewController.swift in Sources */,
				F6A010012FA0000000000AE1 /* WolfActions.swift in Sources */,
				F63960772F60D62500EC0C30 /* ProfileStore.swift in Sources */,
				F63960782F60D62500EC0C30 /* RoundStore.swift in Sources */,
				F63960792F60D62500EC0C30 /* RoundSummary.swift in Sources */,
				F639607A2F60D62500EC0C30 /* RulesEngine.swift in Sources */,
				F639607B2F60D62500EC0C30 /* ScoreStyle.swift in Sources */,
				F639607C2F60D62500EC0C30 /* UserProfile.swift in Sources */,
				F63D07102ED8B20400F165CA /* ManagePlayersViewController.swift in Sources */,
				F657CEB42F01BBCA001CBFCD /* CourseLibrary.swift in Sources */,
				F6E008192F8D27EB00763694 /* RemoteMatchInviteCodec.swift in Sources */,
				F618A1712F3691E6009EEB12 /* ServiceContact.swift in Sources */,
				F6E008092F89408500763694 /* RemoteNassauScorer.swift in Sources */,
				F6D3518E2EC1187400CE24F9 /* OwnerSeat.swift in Sources */,
				F6D5417A2F7498150020588F /* TextGroup.swift in Sources */,
				F6D351522EC0313E00CE24F9 /* RulesViewController.swift in Sources */,
				F6E007F72F80182400763694 /* SkinsViewController.swift in Sources */,
				F6E007FD2F80182400763694 /* SkinsSettingsViewController.swift in Sources */,
				F6E008102F90AA1400763694 /* TournamentSettingsViewController.swift in Sources */,
				F6E007FE2F80182400763694 /* ReviewPrompter.swift in Sources */,
				EB1C7A593448F2323213FB7F /* UpdateChecker.swift in Sources */,
				F688C7812F3906C400A4B094 /* SummaryFormatter.swift in Sources */,
				F64DE8152EB2850000F8D625 /* AppDelegate.swift in Sources */,
				F681886C2F62898D004162EE /* PlayerSetupViewController.swift in Sources */,
				F6E0081E2F8DBF2A00763694 /* ImportRemoteRoundViewController.swift in Sources */,
				F6590F052EFA225B0085D088 /* GameType.swift in Sources */,
				D88F621DFA504D329EBE02E3 /* Constants.swift in Sources */,
			);
			runOnlyForDeploymentPostprocessing = 0;
		};
/* End PBXSourcesBuildPhase section */

/* Begin PBXVariantGroup section */
		F66006BB2F60C56F00148767 /* AppDelegate.swift */ = {
			isa = PBXVariantGroup;
			children = (
				F66007052F60C56F00148767 /* Base */,
			);
			name = AppDelegate.swift;
			sourceTree = "<group>";
		};
		F6D041822F611C3200CABD08 /* Main.storyboard */ = {
			isa = PBXVariantGroup;
			children = (
				F6D041832F611C3200CABD08 /* Base */,
			);
			name = Main.storyboard;
			sourceTree = "<group>";
		};
/* End PBXVariantGroup section */

/* Begin XCBuildConfiguration section */
		F64DE79C2EB0396100F8D625 /* Debug */ = {
			isa = XCBuildConfiguration;
			buildSettings = {
				ASSETCATALOG_COMPILER_APPICON_NAME = AppIcon;
				ASSETCATALOG_COMPILER_GLOBAL_ACCENT_COLOR_NAME = AccentColor;
				ASSETCATALOG_COMPILER_INCLUDE_ALL_APPICON_ASSETS = YES;
				CLANG_ENABLE_MODULES = YES;
				CODE_SIGN_STYLE = Automatic;
				CURRENT_PROJECT_VERSION = 45;
				DEVELOPMENT_TEAM = BJ5DUSSCLX;
				GENERATE_INFOPLIST_FILE = NO;
				INFOPLIST_FILE = "$(PROJECT_DIR)/Info.plist";
				INFOPLIST_KEY_LSApplicationCategoryType = "public.app-category.entertainment";
				INFOPLIST_KEY_UIApplicationSupportsIndirectInputEvents = YES;
				INFOPLIST_KEY_UILaunchStoryboardName = LaunchScreen;
				INFOPLIST_KEY_UIMainStoryboardFile = "";
				INFOPLIST_KEY_UISupportedInterfaceOrientations_iPad = "UIInterfaceOrientationPortrait UIInterfaceOrientationPortraitUpsideDown UIInterfaceOrientationLandscapeLeft UIInterfaceOrientationLandscapeRight";
				INFOPLIST_KEY_UISupportedInterfaceOrientations_iPhone = "UIInterfaceOrientationPortrait UIInterfaceOrientationLandscapeLeft UIInterfaceOrientationLandscapeRight";
				IPHONEOS_DEPLOYMENT_TARGET = 17.6;
				LD_RUNPATH_SEARCH_PATHS = (
					"$(inherited)",
					"@executable_path/Frameworks",
				);
				MARKETING_VERSION = 2.5.0;
				PRODUCT_BUNDLE_IDENTIFIER = com.McTommy.WolfmoreGolf;
				PRODUCT_NAME = "$(TARGET_NAME)";
				STRING_CATALOG_GENERATE_SYMBOLS = YES;
				SUPPORTED_PLATFORMS = "iphoneos iphonesimulator";
				SUPPORTS_MACCATALYST = NO;
				SUPPORTS_MAC_DESIGNED_FOR_IPHONE_IPAD = NO;
				SUPPORTS_XR_DESIGNED_FOR_IPHONE_IPAD = NO;
				SWIFT_APPROACHABLE_CONCURRENCY = YES;
				SWIFT_DEFAULT_ACTOR_ISOLATION = MainActor;
				SWIFT_EMIT_LOC_STRINGS = YES;
				SWIFT_OPTIMIZATION_LEVEL = "-Onone";
				SWIFT_UPCOMING_FEATURE_MEMBER_IMPORT_VISIBILITY = YES;
				SWIFT_VERSION = 5.0;
				TARGETED_DEVICE_FAMILY = 1;
			};
			name = Debug;
		};
		F64DE79D2EB0396100F8D625 /* Release */ = {
			isa = XCBuildConfiguration;
			buildSettings = {
				ASSETCATALOG_COMPILER_APPICON_NAME = AppIcon;
				ASSETCATALOG_COMPILER_GLOBAL_ACCENT_COLOR_NAME = AccentColor;
				ASSETCATALOG_COMPILER_INCLUDE_ALL_APPICON_ASSETS = YES;
				CLANG_ENABLE_MODULES = YES;
				CODE_SIGN_STYLE = Automatic;
				CURRENT_PROJECT_VERSION = 45;
				DEVELOPMENT_TEAM = BJ5DUSSCLX;
				GENERATE_INFOPLIST_FILE = NO;
				INFOPLIST_FILE = "$(PROJECT_DIR)/Info.plist";
				INFOPLIST_KEY_LSApplicationCategoryType = "public.app-category.entertainment";
				INFOPLIST_KEY_UIApplicationSupportsIndirectInputEvents = YES;
				INFOPLIST_KEY_UILaunchStoryboardName = LaunchScreen;
				INFOPLIST_KEY_UIMainStoryboardFile = "";
				INFOPLIST_KEY_UISupportedInterfaceOrientations_iPad = "UIInterfaceOrientationPortrait UIInterfaceOrientationPortraitUpsideDown UIInterfaceOrientationLandscapeLeft UIInterfaceOrientationLandscapeRight";
				INFOPLIST_KEY_UISupportedInterfaceOrientations_iPhone = "UIInterfaceOrientationPortrait UIInterfaceOrientationLandscapeLeft UIInterfaceOrientationLandscapeRight";
				IPHONEOS_DEPLOYMENT_TARGET = 17.6;
				LD_RUNPATH_SEARCH_PATHS = (
					"$(inherited)",
					"@executable_path/Frameworks",
				);
				MARKETING_VERSION = 2.5.0;
				PRODUCT_BUNDLE_IDENTIFIER = com.McTommy.WolfmoreGolf;
				PRODUCT_NAME = "$(TARGET_NAME)";
				STRING_CATALOG_GENERATE_SYMBOLS = YES;
				SUPPORTED_PLATFORMS = "iphoneos iphonesimulator";
				SUPPORTS_MACCATALYST = NO;
				SUPPORTS_MAC_DESIGNED_FOR_IPHONE_IPAD = NO;
				SUPPORTS_XR_DESIGNED_FOR_IPHONE_IPAD = NO;
				SWIFT_APPROACHABLE_CONCURRENCY = YES;
				SWIFT_DEFAULT_ACTOR_ISOLATION = MainActor;
				SWIFT_EMIT_LOC_STRINGS = YES;
				SWIFT_UPCOMING_FEATURE_MEMBER_IMPORT_VISIBILITY = YES;
				SWIFT_VERSION = 5.0;
				TARGETED_DEVICE_FAMILY = 1;
			};
			name = Release;
		};
		F64DE79E2EB0396100F8D625 /* Debug */ = {
			isa = XCBuildConfiguration;
			buildSettings = {
				ALWAYS_SEARCH_USER_PATHS = NO;
				ASSETCATALOG_COMPILER_GENERATE_SWIFT_ASSET_SYMBOL_EXTENSIONS = YES;
				CLANG_ANALYZER_NONNULL = YES;
				CLANG_ANALYZER_NUMBER_OBJECT_CONVERSION = YES_AGGRESSIVE;
				CLANG_CXX_LANGUAGE_STANDARD = "gnu++20";
				CLANG_ENABLE_MODULES = YES;
				CLANG_ENABLE_OBJC_ARC = YES;
				CLANG_ENABLE_OBJC_WEAK = YES;
				CLANG_WARN_BLOCK_CAPTURE_AUTORELEASING = YES;
				CLANG_WARN_BOOL_CONVERSION = YES;
				CLANG_WARN_COMMA = YES;
				CLANG_WARN_CONSTANT_CONVERSION = YES;
				CLANG_WARN_DEPRECATED_OBJC_IMPLEMENTATIONS = YES;
				CLANG_WARN_DIRECT_OBJC_ISA_USAGE = YES_ERROR;
				CLANG_WARN_DOCUMENTATION_COMMENTS = YES;
				CLANG_WARN_EMPTY_BODY = YES;
				CLANG_WARN_ENUM_CONVERSION = YES;
				CLANG_WARN_INFINITE_RECURSION = YES;
				CLANG_WARN_INT_CONVERSION = YES;
				CLANG_WARN_NON_LITERAL_NULL_CONVERSION = YES;
				CLANG_WARN_OBJC_IMPLICIT_RETAIN_SELF = YES;
				CLANG_WARN_OBJC_LITERAL_CONVERSION = YES;
				CLANG_WARN_OBJC_ROOT_CLASS = YES_ERROR;
				CLANG_WARN_QUOTED_INCLUDE_IN_FRAMEWORK_HEADER = YES;
				CLANG_WARN_RANGE_LOOP_ANALYSIS = YES;
				CLANG_WARN_STRICT_PROTOTYPES = YES;
				CLANG_WARN_SUSPICIOUS_MOVE = YES;
				CLANG_WARN_UNGUARDED_AVAILABILITY = YES_AGGRESSIVE;
				CLANG_WARN_UNREACHABLE_CODE = YES;
				CLANG_WARN__DUPLICATE_METHOD_MATCH = YES;
				COPY_PHASE_STRIP = NO;
				DEBUG_INFORMATION_FORMAT = dwarf;
				DEVELOPMENT_TEAM = BJ5DUSSCLX;
				ENABLE_STRICT_OBJC_MSGSEND = YES;
				ENABLE_TESTABILITY = YES;
				ENABLE_USER_SCRIPT_SANDBOXING = YES;
				GCC_C_LANGUAGE_STANDARD = gnu17;
				GCC_DYNAMIC_NO_PIC = NO;
				GCC_NO_COMMON_BLOCKS = YES;
				GCC_OPTIMIZATION_LEVEL = 0;
				GCC_PREPROCESSOR_DEFINITIONS = (
					"DEBUG=1",
					"$(inherited)",
				);
				GCC_WARN_64_TO_32_BIT_CONVERSION = YES;
				GCC_WARN_ABOUT_RETURN_TYPE = YES_ERROR;
				GCC_WARN_UNDECLARED_SELECTOR = YES;
				GCC_WARN_UNINITIALIZED_AUTOS = YES_AGGRESSIVE;
				GCC_WARN_UNUSED_FUNCTION = YES;
				GCC_WARN_UNUSED_VARIABLE = YES;
				IPHONEOS_DEPLOYMENT_TARGET = 26.0;
				LOCALIZATION_PREFERS_STRING_CATALOGS = YES;
				MTL_ENABLE_DEBUG_INFO = INCLUDE_SOURCE;
				MTL_FAST_MATH = YES;
				ONLY_ACTIVE_ARCH = YES;
				SDKROOT = iphoneos;
				STRING_CATALOG_GENERATE_SYMBOLS = YES;
				SWIFT_ACTIVE_COMPILATION_CONDITIONS = "DEBUG $(inherited)";
				SWIFT_OPTIMIZATION_LEVEL = "-Onone";
			};
			name = Debug;
		};
		F64DE79F2EB0396100F8D625 /* Release */ = {
			isa = XCBuildConfiguration;
			buildSettings = {
				ALWAYS_SEARCH_USER_PATHS = NO;
				ASSETCATALOG_COMPILER_GENERATE_SWIFT_ASSET_SYMBOL_EXTENSIONS = YES;
				CLANG_ANALYZER_NONNULL = YES;
				CLANG_ANALYZER_NUMBER_OBJECT_CONVERSION = YES_AGGRESSIVE;
				CLANG_CXX_LANGUAGE_STANDARD = "gnu++20";
				CLANG_ENABLE_MODULES = YES;
				CLANG_ENABLE_OBJC_ARC = YES;
				CLANG_ENABLE_OBJC_WEAK = YES;
				CLANG_WARN_BLOCK_CAPTURE_AUTORELEASING = YES;
				CLANG_WARN_BOOL_CONVERSION = YES;
				CLANG_WARN_COMMA = YES;
				CLANG_WARN_CONSTANT_CONVERSION = YES;
				CLANG_WARN_DEPRECATED_OBJC_IMPLEMENTATIONS = YES;
				CLANG_WARN_DIRECT_OBJC_ISA_USAGE = YES_ERROR;
				CLANG_WARN_DOCUMENTATION_COMMENTS = YES;
				CLANG_WARN_EMPTY_BODY = YES;
				CLANG_WARN_ENUM_CONVERSION = YES;
				CLANG_WARN_INFINITE_RECURSION = YES;
				CLANG_WARN_INT_CONVERSION = YES;
				CLANG_WARN_NON_LITERAL_NULL_CONVERSION = YES;
				CLANG_WARN_OBJC_IMPLICIT_RETAIN_SELF = YES;
				CLANG_WARN_OBJC_LITERAL_CONVERSION = YES;
				CLANG_WARN_OBJC_ROOT_CLASS = YES_ERROR;
				CLANG_WARN_QUOTED_INCLUDE_IN_FRAMEWORK_HEADER = YES;
				CLANG_WARN_RANGE_LOOP_ANALYSIS = YES;
				CLANG_WARN_STRICT_PROTOTYPES = YES;
				CLANG_WARN_SUSPICIOUS_MOVE = YES;
				CLANG_WARN_UNGUARDED_AVAILABILITY = YES_AGGRESSIVE;
				CLANG_WARN_UNREACHABLE_CODE = YES;
				CLANG_WARN__DUPLICATE_METHOD_MATCH = YES;
				COPY_PHASE_STRIP = NO;
				DEBUG_INFORMATION_FORMAT = "dwarf-with-dsym";
				DEVELOPMENT_TEAM = BJ5DUSSCLX;
				ENABLE_NS_ASSERTIONS = NO;
				ENABLE_STRICT_OBJC_MSGSEND = YES;
				ENABLE_USER_SCRIPT_SANDBOXING = YES;
				GCC_C_LANGUAGE_STANDARD = gnu17;
				GCC_NO_COMMON_BLOCKS = YES;
				GCC_WARN_64_TO_32_BIT_CONVERSION = YES;
				GCC_WARN_ABOUT_RETURN_TYPE = YES_ERROR;
				GCC_WARN_UNDECLARED_SELECTOR = YES;
				GCC_WARN_UNINITIALIZED_AUTOS = YES_AGGRESSIVE;
				GCC_WARN_UNUSED_FUNCTION = YES;
				GCC_WARN_UNUSED_VARIABLE = YES;
				IPHONEOS_DEPLOYMENT_TARGET = 26.0;
				LOCALIZATION_PREFERS_STRING_CATALOGS = YES;
				MTL_ENABLE_DEBUG_INFO = NO;
				MTL_FAST_MATH = YES;
				SDKROOT = iphoneos;
				STRING_CATALOG_GENERATE_SYMBOLS = YES;
				SWIFT_COMPILATION_MODE = wholemodule;
				VALIDATE_PRODUCT = YES;
			};
			name = Release;
		};
/* End XCBuildConfiguration section */

/* Begin XCConfigurationList section */
		F64DE7832EB0396000F8D625 /* Build configuration list for PBXProject "WolfmoreGolf" */ = {
			isa = XCConfigurationList;
			buildConfigurations = (
				F64DE79E2EB0396100F8D625 /* Debug */,
				F64DE79F2EB0396100F8D625 /* Release */,
			);
			defaultConfigurationIsVisible = 0;
			defaultConfigurationName = Release;
		};
		F64DE79B2EB0396100F8D625 /* Build configuration list for PBXNativeTarget "WolfmoreGolf" */ = {
			isa = XCConfigurationList;
			buildConfigurations = (
				F64DE79C2EB0396100F8D625 /* Debug */,
				F64DE79D2EB0396100F8D625 /* Release */,
			);
			defaultConfigurationIsVisible = 0;
			defaultConfigurationName = Release;
		};
/* End XCConfigurationList section */

/* Begin XCRemoteSwiftPackageReference section */
		F6DF411D2FC89DB400F8322F /* XCRemoteSwiftPackageReference "supabase-swift" */ = {
			isa = XCRemoteSwiftPackageReference;
			repositoryURL = "https://github.com/supabase/supabase-swift";
			requirement = {
				kind = upToNextMajorVersion;
				minimumVersion = 2.5.1;
			};
		};
/* End XCRemoteSwiftPackageReference section */

/* Begin XCSwiftPackageProductDependency section */
		F6DF412A2FC8A06F00F8322F /* Supabase */ = {
			isa = XCSwiftPackageProductDependency;
			package = F6DF411D2FC89DB400F8322F /* XCRemoteSwiftPackageReference "supabase-swift" */;
			productName = Supabase;
		};
/* End XCSwiftPackageProductDependency section */
	};
	rootObject = F64DE7802EB0396000F8D625 /* Project object */;
}
