// !$*UTF8*$!
{
	archiveVersion = 1;
	classes = {
	};
	objectVersion = 77;
	objects = {

/* Begin PBXBuildFile section */
		F60F95992F4789DC003A0F84 /* CoursePickerViewController.swift in Sources */ = {isa = PBXBuildFile; fileRef = F60F95982F4789DC003A0F84 /* CoursePickerViewController.swift */; };
		F618A1712F3691E6009EEB12 /* ServiceContact.swift in Sources */ = {isa = PBXBuildFile; fileRef = F618A1702F3691E6009EEB12 /* ServiceContact.swift */; };
		F618A1732F369228009EEB12 /* ServiceContactStore.swift in Sources */ = {isa = PBXBuildFile; fileRef = F618A1722F369228009EEB12 /* ServiceContactStore.swift */; };
		F63D06962ED5143B00F165CA /* RosterAndTrackingViewController.swift in Sources */ = {isa = PBXBuildFile; fileRef = F63D06952ED5143B00F165CA /* RosterAndTrackingViewController.swift */; };
		F63D07102ED8B20400F165CA /* ManagePlayersViewController.swift in Sources */ = {isa = PBXBuildFile; fileRef = F63D070F2ED8B20400F165CA /* ManagePlayersViewController.swift */; };
		F63D07142ED922D400F165CA /* ManagePlayerCell.swift in Sources */ = {isa = PBXBuildFile; fileRef = F63D07132ED922D400F165CA /* ManagePlayerCell.swift */; };
		F63D08052EDFA66800F165CA /* CourseSummaryViewController.swift in Sources */ = {isa = PBXBuildFile; fileRef = F63D08042EDFA66800F165CA /* CourseSummaryViewController.swift */; };
		F64CDA962ECD0AA900019EE0 /* HoleStatsViewController.swift in Sources */ = {isa = PBXBuildFile; fileRef = F64CDA952ECD0AA900019EE0 /* HoleStatsViewController.swift */; };
		F64DE8152EB2850000F8D625 /* AppDelegate.swift in Sources */ = {isa = PBXBuildFile; fileRef = F64DE8142EB2850000F8D625 /* AppDelegate.swift */; };
		F64DE8202EB2864B00F8D625 /* SceneDelegate.swift in Sources */ = {isa = PBXBuildFile; fileRef = F64DE81C2EB2864B00F8D625 /* SceneDelegate.swift */; };
		F64DE9522EB6AAE300F8D625 /* Assets.xcassets in Resources */ = {isa = PBXBuildFile; fileRef = F64DE9512EB6AAE300F8D625 /* Assets.xcassets */; };
		F657CEB42F01BBCA001CBFCD /* CourseLibrary.swift in Sources */ = {isa = PBXBuildFile; fileRef = F657CEB32F01BBCA001CBFCD /* CourseLibrary.swift */; };
		F6590F052EFA225B0085D088 /* GameType.swift in Sources */ = {isa = PBXBuildFile; fileRef = F6590F042EFA225B0085D088 /* GameType.swift */; };
		F688C7412F37F9E800A4B094 /* ContactsViewController.swift in Sources */ = {isa = PBXBuildFile; fileRef = F688C7402F37F9E800A4B094 /* ContactsViewController.swift */; };
		F6B1DCCD2F4C96350067838E /* WMComposeViewController.swift in Sources */ = {isa = PBXBuildFile; fileRef = F6B1DCCC2F4C96350067838E /* WMComposeViewController.swift */; };
		F6B1DCCF2F4C9BA20067838E /* TextGroupStore.swift in Sources */ = {isa = PBXBuildFile; fileRef = F6B1DCCE2F4C9BA20067838E /* TextGroupStore.swift */; };
		F6B1DCD12F4CA6D50067838E /* CustomGroupsViewController.swift in Sources */ = {isa = PBXBuildFile; fileRef = F6B1DCD02F4CA6D50067838E /* CustomGroupsViewController.swift */; };
		F6B1DCD62F4CB6230067838E /* RecipientPreview.swift in Sources */ = {isa = PBXBuildFile; fileRef = F6B1DCD52F4CB6230067838E /* RecipientPreview.swift */; };
		F6B1DCD82F4CC65B0067838E /* ProGateViewController.swift in Sources */ = {isa = PBXBuildFile; fileRef = F6B1DCD72F4CC65B0067838E /* ProGateViewController.swift */; };
		F6D351522EC0313E00CE24F9 /* RulesViewController.swift in Sources */ = {isa = PBXBuildFile; fileRef = F6D351512EC0313E00CE24F9 /* RulesViewController.swift */; };
		F6D3518E2EC1187400CE24F9 /* OwnerSeat.swift in Sources */ = {isa = PBXBuildFile; fileRef = F6D3518D2EC1187400CE24F9 /* OwnerSeat.swift */; };
		F6D66A7F2F26971300367C08 /* Entitlements.swift in Sources */ = {isa = PBXBuildFile; fileRef = F6D66A7E2F26971300367C08 /* Entitlements.swift */; };
		F6D66A812F26994400367C08 /* Notifications.swift in Sources */ = {isa = PBXBuildFile; fileRef = F6D66A802F26994400367C08 /* Notifications.swift */; };
		F6D66A832F2BCD4900367C08 /* ProViewController.swift in Sources */ = {isa = PBXBuildFile; fileRef = F6D66A822F2BCD4900367C08 /* ProViewController.swift */; };
		F6D66AC32F327A2B00367C08 /* ProStore.swift in Sources */ = {isa = PBXBuildFile; fileRef = F6D66AC22F327A2B00367C08 /* ProStore.swift */; };
		F6D66AC62F327AC500367C08 /* StoreKit.framework in Frameworks */ = {isa = PBXBuildFile; fileRef = F6D66AC52F327AC400367C08 /* StoreKit.framework */; };
		F6D66AD12F356B7E00367C08 /* TextViewController.swift in Sources */ = {isa = PBXBuildFile; fileRef = F6D66AD02F356B7D00367C08 /* TextViewController.swift */; };
		F6D6A49A2EC786BC0000F576 /* Friend.swift in Sources */ = {isa = PBXBuildFile; fileRef = F6D6A4992EC786BC0000F576 /* Friend.swift */; };
		F6D6A49C2EC786D10000F576 /* FriendStore.swift in Sources */ = {isa = PBXBuildFile; fileRef = F6D6A49B2EC786D10000F576 /* FriendStore.swift */; };
		F6D6A49E2EC786FF0000F576 /* FriendTrackStore.swift in Sources */ = {isa = PBXBuildFile; fileRef = F6D6A49D2EC786FF0000F576 /* FriendTrackStore.swift */; };
		F6D6A4A32EC78A100000F576 /* TrackFriendsViewController.swift in Sources */ = {isa = PBXBuildFile; fileRef = F6D6A4A22EC78A100000F576 /* TrackFriendsViewController.swift */; };
/* End PBXBuildFile section */

/* Begin PBXFileReference section */
		F60F95982F4789DC003A0F84 /* CoursePickerViewController.swift */ = {isa = PBXFileReference; lastKnownFileType = sourcecode.swift; path = CoursePickerViewController.swift; sourceTree = "<group>"; };
		F618A1702F3691E6009EEB12 /* ServiceContact.swift */ = {isa = PBXFileReference; lastKnownFileType = sourcecode.swift; path = ServiceContact.swift; sourceTree = "<group>"; };
		F618A1722F369228009EEB12 /* ServiceContactStore.swift */ = {isa = PBXFileReference; lastKnownFileType = sourcecode.swift; path = ServiceContactStore.swift; sourceTree = "<group>"; };
		F63D06952ED5143B00F165CA /* RosterAndTrackingViewController.swift */ = {isa = PBXFileReference; lastKnownFileType = sourcecode.swift; path = RosterAndTrackingViewController.swift; sourceTree = "<group>"; };
		F63D070F2ED8B20400F165CA /* ManagePlayersViewController.swift */ = {isa = PBXFileReference; lastKnownFileType = sourcecode.swift; path = ManagePlayersViewController.swift; sourceTree = "<group>"; };
		F63D07132ED922D400F165CA /* ManagePlayerCell.swift */ = {isa = PBXFileReference; lastKnownFileType = sourcecode.swift; path = ManagePlayerCell.swift; sourceTree = "<group>"; };
		F63D08042EDFA66800F165CA /* CourseSummaryViewController.swift */ = {isa = PBXFileReference; lastKnownFileType = sourcecode.swift; path = CourseSummaryViewController.swift; sourceTree = "<group>"; };
		F64CDA952ECD0AA900019EE0 /* HoleStatsViewController.swift */ = {isa = PBXFileReference; lastKnownFileType = sourcecode.swift; path = HoleStatsViewController.swift; sourceTree = "<group>"; };
		F64DE8142EB2850000F8D625 /* AppDelegate.swift */ = {isa = PBXFileReference; lastKnownFileType = sourcecode.swift; path = AppDelegate.swift; sourceTree = "<group>"; };
		F64DE81C2EB2864B00F8D625 /* SceneDelegate.swift */ = {isa = PBXFileReference; lastKnownFileType = sourcecode.swift; path = SceneDelegate.swift; sourceTree = "<group>"; };
		F64DE8462EB2940000F8D625 /* Info.plist */ = {isa = PBXFileReference; lastKnownFileType = text.plist.xml; path = Info.plist; sourceTree = "<group>"; };
		F64DE9512EB6AAE300F8D625 /* Assets.xcassets */ = {isa = PBXFileReference; lastKnownFileType = folder.assetcatalog; path = Assets.xcassets; sourceTree = "<group>"; };
		F657CEB32F01BBCA001CBFCD /* CourseLibrary.swift */ = {isa = PBXFileReference; lastKnownFileType = sourcecode.swift; path = CourseLibrary.swift; sourceTree = "<group>"; };
		F6590F042EFA225B0085D088 /* GameType.swift */ = {isa = PBXFileReference; lastKnownFileType = sourcecode.swift; path = GameType.swift; sourceTree = "<group>"; };
		F688C7402F37F9E800A4B094 /* ContactsViewController.swift */ = {isa = PBXFileReference; lastKnownFileType = sourcecode.swift; path = ContactsViewController.swift; sourceTree = "<group>"; };
		F6B1DCCC2F4C96350067838E /* WMComposeViewController.swift */ = {isa = PBXFileReference; lastKnownFileType = sourcecode.swift; path = WMComposeViewController.swift; sourceTree = "<group>"; };
		F6B1DCCE2F4C9BA20067838E /* TextGroupStore.swift */ = {isa = PBXFileReference; lastKnownFileType = sourcecode.swift; path = TextGroupStore.swift; sourceTree = "<group>"; };
		F6B1DCD02F4CA6D50067838E /* CustomGroupsViewController.swift */ = {isa = PBXFileReference; lastKnownFileType = sourcecode.swift; path = CustomGroupsViewController.swift; sourceTree = "<group>"; };
		F6B1DCD52F4CB6230067838E /* RecipientPreview.swift */ = {isa = PBXFileReference; lastKnownFileType = sourcecode.swift; path = RecipientPreview.swift; sourceTree = "<group>"; };
		F6B1DCD72F4CC65B0067838E /* ProGateViewController.swift */ = {isa = PBXFileReference; lastKnownFileType = sourcecode.swift; path = ProGateViewController.swift; sourceTree = "<group>"; };
		F6D3513D2EBFF5DC00CE24F9 /* WolfmoreGolf.app */ = {isa = PBXFileReference; explicitFileType = wrapper.application; includeInIndex = 0; path = WolfmoreGolf.app; sourceTree = BUILT_PRODUCTS_DIR; };
		F6D351512EC0313E00CE24F9 /* RulesViewController.swift */ = {isa = PBXFileReference; lastKnownFileType = sourcecode.swift; path = RulesViewController.swift; sourceTree = "<group>"; };
		F6D3518D2EC1187400CE24F9 /* OwnerSeat.swift */ = {isa = PBXFileReference; lastKnownFileType = sourcecode.swift; path = OwnerSeat.swift; sourceTree = "<group>"; };
		F6D66A7E2F26971300367C08 /* Entitlements.swift */ = {isa = PBXFileReference; lastKnownFileType = sourcecode.swift; path = Entitlements.swift; sourceTree = "<group>"; };
		F6D66A802F26994400367C08 /* Notifications.swift */ = {isa = PBXFileReference; lastKnownFileType = sourcecode.swift; path = Notifications.swift; sourceTree = "<group>"; };
		F6D66A822F2BCD4900367C08 /* ProViewController.swift */ = {isa = PBXFileReference; lastKnownFileType = sourcecode.swift; path = ProViewController.swift; sourceTree = "<group>"; };
		F6D66AC22F327A2B00367C08 /* ProStore.swift */ = {isa = PBXFileReference; lastKnownFileType = sourcecode.swift; path = ProStore.swift; sourceTree = "<group>"; };
		F6D66AC52F327AC400367C08 /* StoreKit.framework */ = {isa = PBXFileReference; lastKnownFileType = wrapper.framework; name = StoreKit.framework; path = System/Library/Frameworks/StoreKit.framework; sourceTree = SDKROOT; };
		F6D66AD02F356B7D00367C08 /* TextViewController.swift */ = {isa = PBXFileReference; lastKnownFileType = sourcecode.swift; path = TextViewController.swift; sourceTree = "<group>"; };
		F6D6A4992EC786BC0000F576 /* Friend.swift */ = {isa = PBXFileReference; lastKnownFileType = sourcecode.swift; path = Friend.swift; sourceTree = "<group>"; };
		F6D6A49B2EC786D10000F576 /* FriendStore.swift */ = {isa = PBXFileReference; lastKnownFileType = sourcecode.swift; path = FriendStore.swift; sourceTree = "<group>"; };
		F6D6A49D2EC786FF0000F576 /* FriendTrackStore.swift */ = {isa = PBXFileReference; lastKnownFileType = sourcecode.swift; path = FriendTrackStore.swift; sourceTree = "<group>"; };
		F6D6A4A22EC78A100000F576 /* TrackFriendsViewController.swift */ = {isa = PBXFileReference; lastKnownFileType = sourcecode.swift; path = TrackFriendsViewController.swift; sourceTree = "<group>"; };
/* End PBXFileReference section */

/* Begin PBXFileSystemSynchronizedRootGroup section */
		F64DE78A2EB0396000F8D625 /* WolfmoreGolf */ = {
			isa = PBXFileSystemSynchronizedRootGroup;
			path = WolfmoreGolf;
			sourceTree = "<group>";
		};
/* End PBXFileSystemSynchronizedRootGroup section */

/* Begin PBXFrameworksBuildPhase section */
		F64DE7852EB0396000F8D625 /* Frameworks */ = {
			isa = PBXFrameworksBuildPhase;
			buildActionMask = 2147483647;
			files = (
				F6D66AC62F327AC500367C08 /* StoreKit.framework in Frameworks */,
			);
			runOnlyForDeploymentPostprocessing = 0;
		};
/* End PBXFrameworksBuildPhase section */

/* Begin PBXGroup section */
		F64DE77F2EB0396000F8D625 = {
			isa = PBXGroup;
			children = (
				F6B1DCD72F4CC65B0067838E /* ProGateViewController.swift */,
				F6B1DCD52F4CB6230067838E /* RecipientPreview.swift */,
				F6B1DCD02F4CA6D50067838E /* CustomGroupsViewController.swift */,
				F6B1DCCE2F4C9BA20067838E /* TextGroupStore.swift */,
				F6B1DCCC2F4C96350067838E /* WMComposeViewController.swift */,
				F60F95982F4789DC003A0F84 /* CoursePickerViewController.swift */,
				F688C7402F37F9E800A4B094 /* ContactsViewController.swift */,
				F618A1722F369228009EEB12 /* ServiceContactStore.swift */,
				F618A1702F3691E6009EEB12 /* ServiceContact.swift */,
				F6D66AD02F356B7D00367C08 /* TextViewController.swift */,
				F6D66AC22F327A2B00367C08 /* ProStore.swift */,
				F6D66A822F2BCD4900367C08 /* ProViewController.swift */,
				F6D66A802F26994400367C08 /* Notifications.swift */,
				F6D66A7E2F26971300367C08 /* Entitlements.swift */,
				F657CEB32F01BBCA001CBFCD /* CourseLibrary.swift */,
				F6590F042EFA225B0085D088 /* GameType.swift */,
				F63D07132ED922D400F165CA /* ManagePlayerCell.swift */,
				F63D08042EDFA66800F165CA /* CourseSummaryViewController.swift */,
				F63D070F2ED8B20400F165CA /* ManagePlayersViewController.swift */,
				F63D06952ED5143B00F165CA /* RosterAndTrackingViewController.swift */,
				F64CDA952ECD0AA900019EE0 /* HoleStatsViewController.swift */,
				F6D6A4A22EC78A100000F576 /* TrackFriendsViewController.swift */,
				F6D6A49D2EC786FF0000F576 /* FriendTrackStore.swift */,
				F6D6A49B2EC786D10000F576 /* FriendStore.swift */,
				F6D6A4992EC786BC0000F576 /* Friend.swift */,
				F6D3518D2EC1187400CE24F9 /* OwnerSeat.swift */,
				F6D351512EC0313E00CE24F9 /* RulesViewController.swift */,
				F64DE78A2EB0396000F8D625 /* WolfmoreGolf */,
				F64DE7892EB0396000F8D625 /* Products */,
				F64DE8142EB2850000F8D625 /* AppDelegate.swift */,
				F64DE81C2EB2864B00F8D625 /* SceneDelegate.swift */,
				F6D66AC42F327AC400367C08 /* Frameworks */,
			);
			sourceTree = "<group>";
		};
		F64DE7892EB0396000F8D625 /* Products */ = {
			isa = PBXGroup;
			children = (
				F64DE8462EB2940000F8D625 /* Info.plist */,
				F64DE9512EB6AAE300F8D625 /* Assets.xcassets */,
				F6D3513D2EBFF5DC00CE24F9 /* WolfmoreGolf.app */,
			);
			name = Products;
			sourceTree = "<group>";
		};
		F6D66AC42F327AC400367C08 /* Frameworks */ = {
			isa = PBXGroup;
			children = (
				F6D66AC52F327AC400367C08 /* StoreKit.framework */,
			);
			name = Frameworks;
			sourceTree = "<group>";
		};
/* End PBXGroup section */

/* Begin PBXNativeTarget section */
		F64DE7872EB0396000F8D625 /* WolfmoreGolf */ = {
			isa = PBXNativeTarget;
			buildConfigurationList = F64DE79B2EB0396100F8D625 /* Build configuration list for PBXNativeTarget "WolfmoreGolf" */;
			buildPhases = (
				F64DE7842EB0396000F8D625 /* Sources */,
				F64DE7852EB0396000F8D625 /* Frameworks */,
				F64DE7862EB0396000F8D625 /* Resources */,
			);
			buildRules = (
			);
			dependencies = (
			);
			fileSystemSynchronizedGroups = (
				F64DE78A2EB0396000F8D625 /* WolfmoreGolf */,
			);
			name = WolfmoreGolf;
			packageProductDependencies = (
			);
			productName = WolfmoreGolf;
			productReference = F6D3513D2EBFF5DC00CE24F9 /* WolfmoreGolf.app */;
			productType = "com.apple.product-type.application";
		};
/* End PBXNativeTarget section */

/* Begin PBXProject section */
		F64DE7802EB0396000F8D625 /* Project object */ = {
			isa = PBXProject;
			attributes = {
				BuildIndependentTargetsInParallel = 1;
				LastSwiftUpdateCheck = 2600;
				LastUpgradeCheck = 2600;
				TargetAttributes = {
					F64DE7872EB0396000F8D625 = {
						CreatedOnToolsVersion = 26.0.1;
						LastSwiftMigration = 2600;
					};
				};
			};
			buildConfigurationList = F64DE7832EB0396000F8D625 /* Build configuration list for PBXProject "WolfmoreGolf" */;
			developmentRegion = en;
			hasScannedForEncodings = 0;
			knownRegions = (
				en,
				Base,
				"Base 2",
				"Base 2C",
			);
			mainGroup = F64DE77F2EB0396000F8D625;
			minimizedProjectReferenceProxies = 1;
			preferredProjectObjectVersion = 77;
			productRefGroup = F64DE7892EB0396000F8D625 /* Products */;
			projectDirPath = "";
			projectRoot = "";
			targets = (
				F64DE7872EB0396000F8D625 /* WolfmoreGolf */,
			);
		};
/* End PBXProject section */

/* Begin PBXResourcesBuildPhase section */
		F64DE7862EB0396000F8D625 /* Resources */ = {
			isa = PBXResourcesBuildPhase;
			buildActionMask = 2147483647;
			files = (
				F64DE9522EB6AAE300F8D625 /* Assets.xcassets in Resources */,
			);
			runOnlyForDeploymentPostprocessing = 0;
		};
/* End PBXResourcesBuildPhase section */

/* Begin PBXSourcesBuildPhase section */
		F64DE7842EB0396000F8D625 /* Sources */ = {
			isa = PBXSourcesBuildPhase;
			buildActionMask = 2147483647;
			files = (
				F64DE8202EB2864B00F8D625 /* SceneDelegate.swift in Sources */,
				F688C7412F37F9E800A4B094 /* ContactsViewController.swift in Sources */,
				F63D08052EDFA66800F165CA /* CourseSummaryViewController.swift in Sources */,
				F6D66AC32F327A2B00367C08 /* ProStore.swift in Sources */,
				F6D66A812F26994400367C08 /* Notifications.swift in Sources */,
				F6D66AD12F356B7E00367C08 /* TextViewController.swift in Sources */,
				F6B1DCD62F4CB6230067838E /* RecipientPreview.swift in Sources */,
				F6B1DCCF2F4C9BA20067838E /* TextGroupStore.swift in Sources */,
				F63D06962ED5143B00F165CA /* RosterAndTrackingViewController.swift in Sources */,
				F6B1DCD12F4CA6D50067838E /* CustomGroupsViewController.swift in Sources */,
				F618A1732F369228009EEB12 /* ServiceContactStore.swift in Sources */,
				F63D07142ED922D400F165CA /* ManagePlayerCell.swift in Sources */,
				F6D6A49E2EC786FF0000F576 /* FriendTrackStore.swift in Sources */,
				F6D66A832F2BCD4900367C08 /* ProViewController.swift in Sources */,
				F6D66A7F2F26971300367C08 /* Entitlements.swift in Sources */,
				F6D6A49C2EC786D10000F576 /* FriendStore.swift in Sources */,
				F6B1DCCD2F4C96350067838E /* WMComposeViewController.swift in Sources */,
				F64CDA962ECD0AA900019EE0 /* HoleStatsViewController.swift in Sources */,
				F6B1DCD82F4CC65B0067838E /* ProGateViewController.swift in Sources */,
				F60F95992F4789DC003A0F84 /* CoursePickerViewController.swift in Sources */,
				F6D6A4A32EC78A100000F576 /* TrackFriendsViewController.swift in Sources */,
				F6D6A49A2EC786BC0000F576 /* Friend.swift in Sources */,
				F63D07102ED8B20400F165CA /* ManagePlayersViewController.swift in Sources */,
				F657CEB42F01BBCA001CBFCD /* CourseLibrary.swift in Sources */,
				F618A1712F3691E6009EEB12 /* ServiceContact.swift in Sources */,
				F6D3518E2EC1187400CE24F9 /* OwnerSeat.swift in Sources */,
				F6D351522EC0313E00CE24F9 /* RulesViewController.swift in Sources */,
				F64DE8152EB2850000F8D625 /* AppDelegate.swift in Sources */,
				F6590F052EFA225B0085D088 /* GameType.swift in Sources */,
			);
			runOnlyForDeploymentPostprocessing = 0;
		};
/* End PBXSourcesBuildPhase section */

/* Begin XCBuildConfiguration section */
		F64DE79C2EB0396100F8D625 /* Debug */ = {
			isa = XCBuildConfiguration;
			buildSettings = {
				ASSETCATALOG_COMPILER_APPICON_NAME = AppIcon;
				ASSETCATALOG_COMPILER_GLOBAL_ACCENT_COLOR_NAME = AccentColor;
				ASSETCATALOG_COMPILER_INCLUDE_ALL_APPICON_ASSETS = YES;
				CLANG_ENABLE_MODULES = YES;
				CODE_SIGN_STYLE = Automatic;
				CURRENT_PROJECT_VERSION = 13;
				DEVELOPMENT_TEAM = BJ5DUSSCLX;
				GENERATE_INFOPLIST_FILE = NO;
				INFOPLIST_FILE = "$(PROJECT_DIR)/Info.plist";
				INFOPLIST_KEY_LSApplicationCategoryType = "public.app-category.entertainment";
				INFOPLIST_KEY_UIApplicationSupportsIndirectInputEvents = YES;
				INFOPLIST_KEY_UILaunchStoryboardName = LaunchScreen;
				INFOPLIST_KEY_UIMainStoryboardFile = "";
				INFOPLIST_KEY_UISupportedInterfaceOrientations_iPad = "UIInterfaceOrientationPortrait UIInterfaceOrientationPortraitUpsideDown UIInterfaceOrientationLandscapeLeft UIInterfaceOrientationLandscapeRight";
				INFOPLIST_KEY_UISupportedInterfaceOrientations_iPhone = "UIInterfaceOrientationPortrait UIInterfaceOrientationLandscapeLeft UIInterfaceOrientationLandscapeRight";
				IPHONEOS_DEPLOYMENT_TARGET = 16.6;
				LD_RUNPATH_SEARCH_PATHS = (
					"$(inherited)",
					"@executable_path/Frameworks",
				);
				MARKETING_VERSION = 1.5.6;
				PRODUCT_BUNDLE_IDENTIFIER = com.McTommy.WolfmoreGolf;
				PRODUCT_NAME = "$(TARGET_NAME)";
				STRING_CATALOG_GENERATE_SYMBOLS = YES;
				SUPPORTED_PLATFORMS = "iphoneos iphonesimulator";
				SUPPORTS_MACCATALYST = NO;
				SUPPORTS_MAC_DESIGNED_FOR_IPHONE_IPAD = NO;
				SUPPORTS_XR_DESIGNED_FOR_IPHONE_IPAD = NO;
				SWIFT_APPROACHABLE_CONCURRENCY = YES;
				SWIFT_DEFAULT_ACTOR_ISOLATION = MainActor;
				SWIFT_EMIT_LOC_STRINGS = YES;
				SWIFT_OPTIMIZATION_LEVEL = "-Onone";
				SWIFT_UPCOMING_FEATURE_MEMBER_IMPORT_VISIBILITY = YES;
				SWIFT_VERSION = 5.0;
				TARGETED_DEVICE_FAMILY = 1;
			};
			name = Debug;
		};
		F64DE79D2EB0396100F8D625 /* Release */ = {
			isa = XCBuildConfiguration;
			buildSettings = {
				ASSETCATALOG_COMPILER_APPICON_NAME = AppIcon;
				ASSETCATALOG_COMPILER_GLOBAL_ACCENT_COLOR_NAME = AccentColor;
				ASSETCATALOG_COMPILER_INCLUDE_ALL_APPICON_ASSETS = YES;
				CLANG_ENABLE_MODULES = YES;
				CODE_SIGN_STYLE = Automatic;
				CURRENT_PROJECT_VERSION = 13;
				DEVELOPMENT_TEAM = BJ5DUSSCLX;
				GENERATE_INFOPLIST_FILE = NO;
				INFOPLIST_FILE = "$(PROJECT_DIR)/Info.plist";
				INFOPLIST_KEY_LSApplicationCategoryType = "public.app-category.entertainment";
				INFOPLIST_KEY_UIApplicationSupportsIndirectInputEvents = YES;
				INFOPLIST_KEY_UILaunchStoryboardName = LaunchScreen;
				INFOPLIST_KEY_UIMainStoryboardFile = "";
				INFOPLIST_KEY_UISupportedInterfaceOrientations_iPad = "UIInterfaceOrientationPortrait UIInterfaceOrientationPortraitUpsideDown UIInterfaceOrientationLandscapeLeft UIInterfaceOrientationLandscapeRight";
				INFOPLIST_KEY_UISupportedInterfaceOrientations_iPhone = "UIInterfaceOrientationPortrait UIInterfaceOrientationLandscapeLeft UIInterfaceOrientationLandscapeRight";
				IPHONEOS_DEPLOYMENT_TARGET = 16.6;
				LD_RUNPATH_SEARCH_PATHS = (
					"$(inherited)",
					"@executable_path/Frameworks",
				);
				MARKETING_VERSION = 1.5.6;
				PRODUCT_BUNDLE_IDENTIFIER = com.McTommy.WolfmoreGolf;
				PRODUCT_NAME = "$(TARGET_NAME)";
				STRING_CATALOG_GENERATE_SYMBOLS = YES;
				SUPPORTED_PLATFORMS = "iphoneos iphonesimulator";
				SUPPORTS_MACCATALYST = NO;
				SUPPORTS_MAC_DESIGNED_FOR_IPHONE_IPAD = NO;
				SUPPORTS_XR_DESIGNED_FOR_IPHONE_IPAD = NO;
				SWIFT_APPROACHABLE_CONCURRENCY = YES;
				SWIFT_DEFAULT_ACTOR_ISOLATION = MainActor;
				SWIFT_EMIT_LOC_STRINGS = YES;
				SWIFT_UPCOMING_FEATURE_MEMBER_IMPORT_VISIBILITY = YES;
				SWIFT_VERSION = 5.0;
				TARGETED_DEVICE_FAMILY = 1;
			};
			name = Release;
		};
		F64DE79E2EB0396100F8D625 /* Debug */ = {
			isa = XCBuildConfiguration;
			buildSettings = {
				ALWAYS_SEARCH_USER_PATHS = NO;
				ASSETCATALOG_COMPILER_GENERATE_SWIFT_ASSET_SYMBOL_EXTENSIONS = YES;
				CLANG_ANALYZER_NONNULL = YES;
				CLANG_ANALYZER_NUMBER_OBJECT_CONVERSION = YES_AGGRESSIVE;
				CLANG_CXX_LANGUAGE_STANDARD = "gnu++20";
				CLANG_ENABLE_MODULES = YES;
				CLANG_ENABLE_OBJC_ARC = YES;
				CLANG_ENABLE_OBJC_WEAK = YES;
				CLANG_WARN_BLOCK_CAPTURE_AUTORELEASING = YES;
				CLANG_WARN_BOOL_CONVERSION = YES;
				CLANG_WARN_COMMA = YES;
				CLANG_WARN_CONSTANT_CONVERSION = YES;
				CLANG_WARN_DEPRECATED_OBJC_IMPLEMENTATIONS = YES;
				CLANG_WARN_DIRECT_OBJC_ISA_USAGE = YES_ERROR;
				CLANG_WARN_DOCUMENTATION_COMMENTS = YES;
				CLANG_WARN_EMPTY_BODY = YES;
				CLANG_WARN_ENUM_CONVERSION = YES;
				CLANG_WARN_INFINITE_RECURSION = YES;
				CLANG_WARN_INT_CONVERSION = YES;
				CLANG_WARN_NON_LITERAL_NULL_CONVERSION = YES;
				CLANG_WARN_OBJC_IMPLICIT_RETAIN_SELF = YES;
				CLANG_WARN_OBJC_LITERAL_CONVERSION = YES;
				CLANG_WARN_OBJC_ROOT_CLASS = YES_ERROR;
				CLANG_WARN_QUOTED_INCLUDE_IN_FRAMEWORK_HEADER = YES;
				CLANG_WARN_RANGE_LOOP_ANALYSIS = YES;
				CLANG_WARN_STRICT_PROTOTYPES = YES;
				CLANG_WARN_SUSPICIOUS_MOVE = YES;
				CLANG_WARN_UNGUARDED_AVAILABILITY = YES_AGGRESSIVE;
				CLANG_WARN_UNREACHABLE_CODE = YES;
				CLANG_WARN__DUPLICATE_METHOD_MATCH = YES;
				COPY_PHASE_STRIP = NO;
				DEBUG_INFORMATION_FORMAT = dwarf;
				DEVELOPMENT_TEAM = BJ5DUSSCLX;
				ENABLE_STRICT_OBJC_MSGSEND = YES;
				ENABLE_TESTABILITY = YES;
				ENABLE_USER_SCRIPT_SANDBOXING = YES;
				GCC_C_LANGUAGE_STANDARD = gnu17;
				GCC_DYNAMIC_NO_PIC = NO;
				GCC_NO_COMMON_BLOCKS = YES;
				GCC_OPTIMIZATION_LEVEL = 0;
				GCC_PREPROCESSOR_DEFINITIONS = (
					"DEBUG=1",
					"$(inherited)",
				);
				GCC_WARN_64_TO_32_BIT_CONVERSION = YES;
				GCC_WARN_ABOUT_RETURN_TYPE = YES_ERROR;
				GCC_WARN_UNDECLARED_SELECTOR = YES;
				GCC_WARN_UNINITIALIZED_AUTOS = YES_AGGRESSIVE;
				GCC_WARN_UNUSED_FUNCTION = YES;
				GCC_WARN_UNUSED_VARIABLE = YES;
				IPHONEOS_DEPLOYMENT_TARGET = 26.0;
				LOCALIZATION_PREFERS_STRING_CATALOGS = YES;
				MTL_ENABLE_DEBUG_INFO = INCLUDE_SOURCE;
				MTL_FAST_MATH = YES;
				ONLY_ACTIVE_ARCH = YES;
				SDKROOT = iphoneos;
				SWIFT_ACTIVE_COMPILATION_CONDITIONS = "DEBUG $(inherited)";
				SWIFT_OPTIMIZATION_LEVEL = "-Onone";
			};
			name = Debug;
		};
		F64DE79F2EB0396100F8D625 /* Release */ = {
			isa = XCBuildConfiguration;
			buildSettings = {
				ALWAYS_SEARCH_USER_PATHS = NO;
				ASSETCATALOG_COMPILER_GENERATE_SWIFT_ASSET_SYMBOL_EXTENSIONS = YES;
				CLANG_ANALYZER_NONNULL = YES;
				CLANG_ANALYZER_NUMBER_OBJECT_CONVERSION = YES_AGGRESSIVE;
				CLANG_CXX_LANGUAGE_STANDARD = "gnu++20";
				CLANG_ENABLE_MODULES = YES;
				CLANG_ENABLE_OBJC_ARC = YES;
				CLANG_ENABLE_OBJC_WEAK = YES;
				CLANG_WARN_BLOCK_CAPTURE_AUTORELEASING = YES;
				CLANG_WARN_BOOL_CONVERSION = YES;
				CLANG_WARN_COMMA = YES;
				CLANG_WARN_CONSTANT_CONVERSION = YES;
				CLANG_WARN_DEPRECATED_OBJC_IMPLEMENTATIONS = YES;
				CLANG_WARN_DIRECT_OBJC_ISA_USAGE = YES_ERROR;
				CLANG_WARN_DOCUMENTATION_COMMENTS = YES;
				CLANG_WARN_EMPTY_BODY = YES;
				CLANG_WARN_ENUM_CONVERSION = YES;
				CLANG_WARN_INFINITE_RECURSION = YES;
				CLANG_WARN_INT_CONVERSION = YES;
				CLANG_WARN_NON_LITERAL_NULL_CONVERSION = YES;
				CLANG_WARN_OBJC_IMPLICIT_RETAIN_SELF = YES;
				CLANG_WARN_OBJC_LITERAL_CONVERSION = YES;
				CLANG_WARN_OBJC_ROOT_CLASS = YES_ERROR;
				CLANG_WARN_QUOTED_INCLUDE_IN_FRAMEWORK_HEADER = YES;
				CLANG_WARN_RANGE_LOOP_ANALYSIS = YES;
				CLANG_WARN_STRICT_PROTOTYPES = YES;
				CLANG_WARN_SUSPICIOUS_MOVE = YES;
				CLANG_WARN_UNGUARDED_AVAILABILITY = YES_AGGRESSIVE;
				CLANG_WARN_UNREACHABLE_CODE = YES;
				CLANG_WARN__DUPLICATE_METHOD_MATCH = YES;
				COPY_PHASE_STRIP = NO;
				DEBUG_INFORMATION_FORMAT = "dwarf-with-dsym";
				DEVELOPMENT_TEAM = BJ5DUSSCLX;
				ENABLE_NS_ASSERTIONS = NO;
				ENABLE_STRICT_OBJC_MSGSEND = YES;
				ENABLE_USER_SCRIPT_SANDBOXING = YES;
				GCC_C_LANGUAGE_STANDARD = gnu17;
				GCC_NO_COMMON_BLOCKS = YES;
				GCC_WARN_64_TO_32_BIT_CONVERSION = YES;
				GCC_WARN_ABOUT_RETURN_TYPE = YES_ERROR;
				GCC_WARN_UNDECLARED_SELECTOR = YES;
				GCC_WARN_UNINITIALIZED_AUTOS = YES_AGGRESSIVE;
				GCC_WARN_UNUSED_FUNCTION = YES;
				GCC_WARN_UNUSED_VARIABLE = YES;
				IPHONEOS_DEPLOYMENT_TARGET = 26.0;
				LOCALIZATION_PREFERS_STRING_CATALOGS = YES;
				MTL_ENABLE_DEBUG_INFO = NO;
				MTL_FAST_MATH = YES;
				SDKROOT = iphoneos;
				SWIFT_COMPILATION_MODE = wholemodule;
				VALIDATE_PRODUCT = YES;
			};
			name = Release;
		};
/* End XCBuildConfiguration section */

/* Begin XCConfigurationList section */
		F64DE7832EB0396000F8D625 /* Build configuration list for PBXProject "WolfmoreGolf" */ = {
			isa = XCConfigurationList;
			buildConfigurations = (
				F64DE79E2EB0396100F8D625 /* Debug */,
				F64DE79F2EB0396100F8D625 /* Release */,
			);
			defaultConfigurationIsVisible = 0;
			defaultConfigurationName = Release;
		};
		F64DE79B2EB0396100F8D625 /* Build configuration list for PBXNativeTarget "WolfmoreGolf" */ = {
			isa = XCConfigurationList;
			buildConfigurations = (
				F64DE79C2EB0396100F8D625 /* Debug */,
				F64DE79D2EB0396100F8D625 /* Release */,
			);
			defaultConfigurationIsVisible = 0;
			defaultConfigurationName = Release;
		};
/* End XCConfigurationList section */
	};
	rootObject = F64DE7802EB0396000F8D625 /* Project object */;
}
